{
  "name": "cset",
  "lockfileVersion": 3,
  "requires": true,
  "packages": {
    "": {
      "dependencies": {
        "valid-filename": "^4.0.0"
      }
    },
    "node_modules/filename-reserved-regex": {
      "version": "3.0.0",
      "resolved": "https://registry.npmjs.org/filename-reserved-regex/-/filename-reserved-regex-3.0.0.tgz",
      "integrity": "sha512-hn4cQfU6GOT/7cFHXBqeBg2TbrMBgdD0kcjLhvSQYYwm3s4B6cjvBfb7nBALJLAXqmU5xajSa7X2NnUud/VCdw==",
      "engines": {
        "node": "^12.20.0 || ^14.13.1 || >=16.0.0"
      },
      "funding": {
        "url": "https://github.com/sponsors/sindresorhus"
      }
    },
    "node_modules/valid-filename": {
      "version": "4.0.0",
      "resolved": "https://registry.npmjs.org/valid-filename/-/valid-filename-4.0.0.tgz",
      "integrity": "sha512-VEYTpTVPMgO799f2wI7zWf0x2C54bPX6NAfbZ2Z8kZn76p+3rEYCTYVYzMUcVSMvakxMQTriBf24s3+WeXJtEg==",
      "dependencies": {
        "filename-reserved-regex": "^3.0.0"
      },
      "engines": {
        "node": "^12.20.0 || ^14.13.1 || >=16.0.0"
      },
      "funding": {
        "url": "https://github.com/sponsors/sindresorhus"
      }
    }
  }
}
