{
  "version": 1,
  "dependencies": {
    "net10.0": {
      "CsvHelper.Excel.Core": {
        "type": "Direct",
        "requested": "[27.2.1, )",
        "resolved": "27.2.1",
        "contentHash": "HF/3S53P/gSWAG63PPJjfLwNYkesJtxdpFvcvhQPn7rNz+unhVdFSsWaODkLL/TGnMxqY9/+P+o7LB0IuNXB1Q==",
        "dependencies": {
          "ClosedXML": "0.95.4",
          "CsvHelper": "27.2.1",
          "DocumentFormat.OpenXml": "2.15.0"
        }
      },
      "DocumentFormat.OpenXml": {
        "type": "Direct",
        "requested": "[3.4.1, )",
        "resolved": "3.4.1",
        "contentHash": "iM7k4Spo6ZxxudxLVGcvFLIcF6XJ65aOAsJ24o75CaKGBTuj33cL1O7qnGkQW0+ONOUFff+mWafpZYaa7rNBbg==",
        "dependencies": {
          "DocumentFormat.OpenXml.Framework": "3.4.1"
        }
      },
      "HtmlAgilityPack": {
        "type": "Direct",
        "requested": "[1.12.4, )",
        "resolved": "1.12.4",
        "contentHash": "ljqvBabvFwKoLniuoQKO8b5bJfJweKLs4fUNS/V5dsvpo0A8MlJqxxn9XVmP2DaskbUXty6IYaWAi1SArGIMeQ=="
      },
      "Lucene.Net": {
        "type": "Direct",
        "requested": "[4.8.0-beta00016, )",
        "resolved": "4.8.0-beta00016",
        "contentHash": "DCtUbE/NIrisNI7hRwU+UKS3Cr6S2vH1XB9wvEHHI3anu5OUpX1Fkr/PDC7oFCaol/QCvzVLbLZVizAT1aTLpA==",
        "dependencies": {
          "J2N": "2.0.0",
          "Microsoft.Extensions.Configuration.Abstractions": "2.0.0"
        }
      },
      "Lucene.Net.Analysis.Common": {
        "type": "Direct",
        "requested": "[4.8.0-beta00016, )",
        "resolved": "4.8.0-beta00016",
        "contentHash": "7pjEAIliWdih6E3I0hCE8hKcKKRx1LLzeQBslF1fhvzE1Sal4NyHd8RFJHV1Z+yHlBw4gCyyVIDZADiIoyqwxg==",
        "dependencies": {
          "Lucene.Net": "4.8.0-beta00016"
        }
      },
      "Lucene.Net.Queries": {
        "type": "Direct",
        "requested": "[4.8.0-beta00016, )",
        "resolved": "4.8.0-beta00016",
        "contentHash": "XBzdMDlan68V2ZlhAlP8Fd+Xx2Le8ec7cEN1kFF45Sipa3Q8L/tilJfwS9VHvMTvGkwPM/yj62eGbfGBgIMR8Q==",
        "dependencies": {
          "Lucene.Net": "4.8.0-beta00016"
        }
      },
      "Lucene.Net.QueryParser": {
        "type": "Direct",
        "requested": "[4.8.0-beta00016, )",
        "resolved": "4.8.0-beta00016",
        "contentHash": "5dVvjXmzPaK8GD/eblJopTJMQmO6c6fvVPfBIOw46+jyZR+yESkUnWF1LtLoLXZQNrl4Dx8LKdes5G1QAM7eGA==",
        "dependencies": {
          "Lucene.Net.Analysis.Common": "4.8.0-beta00016",
          "Lucene.Net.Queries": "4.8.0-beta00016",
          "Lucene.Net.Sandbox": "4.8.0-beta00016"
        }
      },
      "Microsoft.AspNetCore.Authorization": {
        "type": "Direct",
        "requested": "[10.0.3, )",
        "resolved": "10.0.3",
        "contentHash": "pqm2ivtD2bj5f+4KnrGmJsD/iDZkMnJnK/uW/p1bpqKCR316TyWqyhhS5znLGw7QpX2fAWhXU+uQo1Cb89bedA==",
        "dependencies": {
          "Microsoft.AspNetCore.Metadata": "10.0.3",
          "Microsoft.Extensions.Diagnostics": "10.0.3",
          "Microsoft.Extensions.Logging.Abstractions": "10.0.3",
          "Microsoft.Extensions.Options": "10.0.3"
        }
      },
      "Microsoft.Data.SqlClient": {
        "type": "Direct",
        "requested": "[6.1.4, )",
        "resolved": "6.1.4",
        "contentHash": "lQcSog5LLImg4yNEuuG6ccvdzXnCvER8Rms9Ngk9zB4Q8na4f+S7/abSoC7gnEltBg4e5xTnLAWmMLIOtLg4pg==",
        "dependencies": {
          "Azure.Core": "1.50.0",
          "Azure.Identity": "1.17.1",
          "Microsoft.Data.SqlClient.SNI.runtime": "6.0.2",
          "Microsoft.Extensions.Caching.Memory": "9.0.11",
          "Microsoft.Identity.Client": "4.80.0",
          "Microsoft.IdentityModel.JsonWebTokens": "7.7.1",
          "Microsoft.IdentityModel.Protocols.OpenIdConnect": "7.7.1",
          "Microsoft.SqlServer.Server": "1.0.0",
          "System.Configuration.ConfigurationManager": "9.0.11",
          "System.IdentityModel.Tokens.Jwt": "7.7.1",
          "System.Security.Cryptography.Pkcs": "9.0.11"
        }
      },
      "Microsoft.EntityFrameworkCore": {
        "type": "Direct",
        "requested": "[10.0.3, )",
        "resolved": "10.0.3",
        "contentHash": "CDEImwD4A7BseABJMCpLZnhfFjmPY/bHwhhS70elc6gLI/bYUEOhxWt7PmaNGYGhIEzOnStlCy5QcVb+8dod5Q==",
        "dependencies": {
          "Microsoft.EntityFrameworkCore.Abstractions": "10.0.3",
          "Microsoft.EntityFrameworkCore.Analyzers": "10.0.3",
          "Microsoft.Extensions.Caching.Memory": "10.0.3",
          "Microsoft.Extensions.Logging": "10.0.3"
        }
      },
      "Microsoft.EntityFrameworkCore.SqlServer": {
        "type": "Direct",
        "requested": "[10.0.3, )",
        "resolved": "10.0.3",
        "contentHash": "q0fUFQ4PG4uhKwP+D5dsvlDQbwNpEfWsag3HaoGzkkKj+OQ90ya9W0HuFtwigwEEqc/H1SzDZYUAv7Ya1hh5ow==",
        "dependencies": {
          "Microsoft.Data.SqlClient": "6.1.1",
          "Microsoft.EntityFrameworkCore.Relational": "10.0.3",
          "Microsoft.Extensions.Caching.Memory": "10.0.3",
          "Microsoft.Extensions.Configuration.Abstractions": "10.0.3",
          "Microsoft.Extensions.Logging": "10.0.3"
        }
      },
      "Microsoft.EntityFrameworkCore.SqlServer.Abstractions": {
        "type": "Direct",
        "requested": "[10.0.3, )",
        "resolved": "10.0.3",
        "contentHash": "K73jOafOjF8oMLrPhXz3er6csmXCOGBQbeXsFPXrtz7/4QJJYalcOHQzoppEhl1gwLEZNnJMUDlOWcQ1FeW27Q==",
        "dependencies": {
          "Microsoft.SqlServer.Types": "160.1000.6"
        }
      },
      "Newtonsoft.Json": {
        "type": "Direct",
        "requested": "[13.0.4, )",
        "resolved": "13.0.4",
        "contentHash": "pdgNNMai3zv51W5aq268sujXUyx7SNdE2bj1wZcWjAQrKMFZV260lbqYop1d2GM67JI1huLRwxo9ZqnfF/lC6A=="
      },
      "NJsonSchema": {
        "type": "Direct",
        "requested": "[11.5.2, )",
        "resolved": "11.5.2",
        "contentHash": "CAmnt4tnylb82Ro6f2EFIGz8rmThuCsITECUNqGhVEQ5VvxV+XwsTPz6LF58MbvUEV1jVcH+uxxljgM/etgK7A==",
        "dependencies": {
          "NJsonSchema.Annotations": "11.5.2",
          "Namotion.Reflection": "3.4.3",
          "Newtonsoft.Json": "13.0.3"
        }
      },
      "NLog.Web.AspNetCore": {
        "type": "Direct",
        "requested": "[5.4.0, )",
        "resolved": "5.4.0",
        "contentHash": "Le6rbipSqeGVygbLGgRwZNMsbjJ+YnoAMJdZVhgjQimXwmYbDNkSswK6Mb32bKoC5aIg5mhw+hpAmgWdegs4Eg==",
        "dependencies": {
          "NLog.Extensions.Logging": "5.4.0"
        }
      },
      "SharpZipLib": {
        "type": "Direct",
        "requested": "[1.4.2, )",
        "resolved": "1.4.2",
        "contentHash": "yjj+3zgz8zgXpiiC3ZdF/iyTBbz2fFvMxZFEBPUcwZjIvXOf37Ylm+K58hqMfIBt5JgU/Z2uoUS67JmTLe973A=="
      },
      "SixLabors.ImageSharp": {
        "type": "Direct",
        "requested": "[3.1.12, )",
        "resolved": "3.1.12",
        "contentHash": "iAg6zifihXEFS/t7fiHhZBGAdCp3FavsF4i2ZIDp0JfeYeDVzvmlbY1CNhhIKimaIzrzSi5M/NBFcWvZT2rB/A=="
      },
      "System.Data.OleDb": {
        "type": "Direct",
        "requested": "[10.0.3, )",
        "resolved": "10.0.3",
        "contentHash": "/YVeBa7iHwhvokst2neLLVBwhcTEcOSjLZPPhjBEPHVxkY5WsffnJ6pya2DhdaKsbCYsWAJfyvnoAPGIE1gwYA==",
        "dependencies": {
          "System.Configuration.ConfigurationManager": "10.0.3",
          "System.Diagnostics.PerformanceCounter": "10.0.3"
        }
      },
      "System.Drawing.Common": {
        "type": "Direct",
        "requested": "[10.0.3, )",
        "resolved": "10.0.3",
        "contentHash": "bJlT89G7EqMpiLCvIPmb7BHpcSxjVeFsahRyQk3/mrUt5YgHKiFcEv88db97gKcpRn5opxfBwI0ohUmJlxuGJg==",
        "dependencies": {
          "Microsoft.Win32.SystemEvents": "10.0.3"
        }
      },
      "TinyMapper": {
        "type": "Direct",
        "requested": "[3.0.3, )",
        "resolved": "3.0.3",
        "contentHash": "a070h+NbFjMMclmWjEjGDnihUs4wE3ykx7R4BG7Oo38Jf66spzc3h3CbvbJYFlkbYl65dt5vbJFFH72vFdRr1A=="
      },
      "Azure.Core": {
        "type": "Transitive",
        "resolved": "1.50.0",
        "contentHash": "GBNKZEhdIbTXxedvD3R7I/yDVFX9jJJEz02kCziFSJxspSQ5RMHc3GktulJ1s7+ffXaXD7kMgrtdQTaggyInLw==",
        "dependencies": {
          "Microsoft.Bcl.AsyncInterfaces": "8.0.0",
          "System.ClientModel": "1.8.0",
          "System.Memory.Data": "8.0.1"
        }
      },
      "Azure.Identity": {
        "type": "Transitive",
        "resolved": "1.17.1",
        "contentHash": "MSZkBrctcpiGxs9Cvr2VKKoN6qFLZlP3I6xuCWJ9iTgitI5Rgxtk5gfOSpXPZE3+CJmZ/mnqpQyGyjawFn5Vvg==",
        "dependencies": {
          "Azure.Core": "1.50.0",
          "Microsoft.Identity.Client": "4.78.0",
          "Microsoft.Identity.Client.Extensions.Msal": "4.78.0"
        }
      },
      "ClosedXML": {
        "type": "Transitive",
        "resolved": "0.95.4",
        "contentHash": "YixFPzUJ4Ni2AaW/FbPgzFvdtjIzE/4NKROwI1RqIQHWka7QN9Spt4sHuXaSk9PLmXBkk8newHGW0UWLcLs5GA==",
        "dependencies": {
          "DocumentFormat.OpenXml": "2.7.2",
          "ExcelNumberFormat": "1.0.10",
          "System.Drawing.Common": "4.5.0"
        }
      },
      "CsvHelper": {
        "type": "Transitive",
        "resolved": "27.2.1",
        "contentHash": "uS5ix5hL9gL5taiAG//CScyJa8Fn1ZOh3FDhDvf4laboESFs84mCNropfp7PIt8xCkyQofljFpqu1B5UnSXjyA=="
      },
      "DocumentFormat.OpenXml.Framework": {
        "type": "Transitive",
        "resolved": "3.4.1",
        "contentHash": "H7l8l84uRb+LTjijpe6PuVDlIDM28s7f//zxss6f1yK1qnaxAEZwRecPkjfE3vjFM7QZ7X4XGF4nicnIynJrBw==",
        "dependencies": {
          "System.IO.Packaging": "8.0.1"
        }
      },
      "ExcelNumberFormat": {
        "type": "Transitive",
        "resolved": "1.0.10",
        "contentHash": "dRx817M5t0sv4GCJyAXU8qmhFXcqRpCHzLpxNmkMWTvzlfE0/KM7BNk6qEble0ffAr4xT7RyU7s/HpovVlA/9g=="
      },
      "J2N": {
        "type": "Transitive",
        "resolved": "2.0.0",
        "contentHash": "M5bwDajAARZiyqupU+rHQJnsVLxNBOHJ8vKYHd8LcLIb1FgLfzzcJvc31Qo5Xz/GEHFjDF9ScjKL/ks/zRTXuA=="
      },
      "Lucene.Net.Sandbox": {
        "type": "Transitive",
        "resolved": "4.8.0-beta00016",
        "contentHash": "wMsRZtbNx0wvX3mtNjpOwQmKx3Ij4UGHWIYHbvnzMWlPUTgtOpYSj02REL4hOxI71WBZylpGB5EWfQ2eEld63g==",
        "dependencies": {
          "Lucene.Net": "4.8.0-beta00016"
        }
      },
      "Microsoft.AspNetCore.Metadata": {
        "type": "Transitive",
        "resolved": "10.0.3",
        "contentHash": "PtLHFABwDpGhpTMxni8z4W0J2b+y2EVFkpZ8K6A092pbdBdlD3yAgxAZhwLxXl2RKBTuVj5TUGc2voDQ/ghpTA=="
      },
      "Microsoft.Bcl.AsyncInterfaces": {
        "type": "Transitive",
        "resolved": "8.0.0",
        "contentHash": "3WA9q9yVqJp222P3x1wYIGDAkpjAku0TMUaaQV22g6L67AI0LdOIrVS7Ht2vJfLHGSPVuqN94vIr15qn+HEkHw=="
      },
      "Microsoft.Data.SqlClient.SNI.runtime": {
        "type": "Transitive",
        "resolved": "6.0.2",
        "contentHash": "f+pRODTWX7Y67jXO3T5S2dIPZ9qMJNySjlZT/TKmWVNWe19N8jcWmHaqHnnchaq3gxEKv1SWVY5EFzOD06l41w=="
      },
      "Microsoft.EntityFrameworkCore.Abstractions": {
        "type": "Transitive",
        "resolved": "10.0.3",
        "contentHash": "c7Uoz381xnMHNBRB8eHRhGgzUtXbgddlbODhwZRrTSzZWDharp3RkJsFwhxyESbeXhCqmML7VdvjMQ7uu+HreA=="
      },
      "Microsoft.EntityFrameworkCore.Analyzers": {
        "type": "Transitive",
        "resolved": "10.0.3",
        "contentHash": "lVABgJTyTUNE7Bi0bSu4dWHiCHIXEGzTh/kLh0N07IgU/tIKwTeBPp8tgV4x2iKj4h7iPLo8oXzyHmLDGtAE1g=="
      },
      "Microsoft.EntityFrameworkCore.Relational": {
        "type": "Transitive",
        "resolved": "10.0.3",
        "contentHash": "Pmh60OK9neVr/M0FJwm9hlzm2bD4Kd65SID8E6SP5c90tExNgXwORrlEWl0oGU/ig9ifpNN4PSpIrnHNozlT5w==",
        "dependencies": {
          "Microsoft.EntityFrameworkCore": "10.0.3",
          "Microsoft.Extensions.Caching.Memory": "10.0.3",
          "Microsoft.Extensions.Configuration.Abstractions": "10.0.3",
          "Microsoft.Extensions.Logging": "10.0.3"
        }
      },
      "Microsoft.Extensions.Caching.Abstractions": {
        "type": "Transitive",
        "resolved": "10.0.3",
        "contentHash": "5dtXBvI8t3z8pF4tB38JYgi/enCL/DwSXxpqShgFz3SHJ7IzqFIMs6Gu5ik8sNZzcO9qQs3xIDpB3vDamkYG+Q==",
        "dependencies": {
          "Microsoft.Extensions.Primitives": "10.0.3"
        }
      },
      "Microsoft.Extensions.Caching.Memory": {
        "type": "Transitive",
        "resolved": "10.0.3",
        "contentHash": "No4fVh0z30SWqiWFRoA4PNdrEco6OjXvCqRFvlmRgDQqqks2bRDdeavUgWEiAX153ZAwW9loUgbxcvuP4NKQLg==",
        "dependencies": {
          "Microsoft.Extensions.Caching.Abstractions": "10.0.3",
          "Microsoft.Extensions.DependencyInjection.Abstractions": "10.0.3",
          "Microsoft.Extensions.Logging.Abstractions": "10.0.3",
          "Microsoft.Extensions.Options": "10.0.3",
          "Microsoft.Extensions.Primitives": "10.0.3"
        }
      },
      "Microsoft.Extensions.Configuration": {
        "type": "Transitive",
        "resolved": "10.0.3",
        "contentHash": "H1Cjv2xmm7O3iAGmFTcnSM0ZhLQ/7SqefmAvSJoT1PbXoxeYc2fo0mCLn2JlVbr9E6YpoU9q/o0fI9neDJB0xQ==",
        "dependencies": {
          "Microsoft.Extensions.Configuration.Abstractions": "10.0.3",
          "Microsoft.Extensions.Primitives": "10.0.3"
        }
      },
      "Microsoft.Extensions.Configuration.Abstractions": {
        "type": "Transitive",
        "resolved": "10.0.3",
        "contentHash": "xVDHL0+SIgemfh95fTO9cGLe17TWv/ZP0n7m01z8X6pzt2DmQpucioWR/mYZA1sRlkWnkXzfl0JweLNWmE9WMg==",
        "dependencies": {
          "Microsoft.Extensions.Primitives": "10.0.3"
        }
      },
      "Microsoft.Extensions.Configuration.Binder": {
        "type": "Transitive",
        "resolved": "10.0.3",
        "contentHash": "759UhpKaR5Jsll9kXpkft4z/7tpeF7Dw2rTY/9f9JchaSQTpRFNIPkZFZvoo7fFpbjUaqtDlO5aiGpmQrp/EUA==",
        "dependencies": {
          "Microsoft.Extensions.Configuration": "10.0.3",
          "Microsoft.Extensions.Configuration.Abstractions": "10.0.3"
        }
      },
      "Microsoft.Extensions.Configuration.FileExtensions": {
        "type": "Transitive",
        "resolved": "10.0.3",
        "contentHash": "/MLsBbLpwDxsU+7DDNwasf2mKrpMSOWEL377gNZTy5waFkCYvS3GVaLIz6bvikH4rAwHrCOxHw0t/5iCoImYCA==",
        "dependencies": {
          "Microsoft.Extensions.Configuration": "10.0.3",
          "Microsoft.Extensions.Configuration.Abstractions": "10.0.3",
          "Microsoft.Extensions.FileProviders.Abstractions": "10.0.3",
          "Microsoft.Extensions.FileProviders.Physical": "10.0.3",
          "Microsoft.Extensions.Primitives": "10.0.3"
        }
      },
      "Microsoft.Extensions.Configuration.Json": {
        "type": "Transitive",
        "resolved": "10.0.3",
        "contentHash": "mGGMOA9nkET8OVsQfS41o66eWkckBzNHJK6+5VbLQ2YdyqKphcv27uDZxLf4exSl+5QxLnHkN+W/4qEDgyvCPA==",
        "dependencies": {
          "Microsoft.Extensions.Configuration": "10.0.3",
          "Microsoft.Extensions.Configuration.Abstractions": "10.0.3",
          "Microsoft.Extensions.Configuration.FileExtensions": "10.0.3",
          "Microsoft.Extensions.FileProviders.Abstractions": "10.0.3"
        }
      },
      "Microsoft.Extensions.DependencyInjection": {
        "type": "Transitive",
        "resolved": "10.0.3",
        "contentHash": "2DLOmC0EkB2smVK8lPP1PIKEgL1arE3CMp9XSIQB/Y7ev5nnnyuM/PizKJ6QfLD08QCYoopSC9SFdbYglDomYg==",
        "dependencies": {
          "Microsoft.Extensions.DependencyInjection.Abstractions": "10.0.3"
        }
      },
      "Microsoft.Extensions.DependencyInjection.Abstractions": {
        "type": "Transitive",
        "resolved": "10.0.3",
        "contentHash": "bwGMrRcAMWx2s/RDgja97p27rxSz2pEQW0+rX5cWAUWVETVJ/eyxGfjAl8vuG5a+lckWmPIE+vcuaZNVB5YDdw=="
      },
      "Microsoft.Extensions.Diagnostics": {
        "type": "Transitive",
        "resolved": "10.0.3",
        "contentHash": "tc0R6i2T+138taoxFPQXb7Sy/4rtq4ytoJrAt4fNGs6k89mHpEhZnXUNgaFKwwb5Ud5rIUeLC6tfpsuHNwiWqg==",
        "dependencies": {
          "Microsoft.Extensions.Configuration": "10.0.3",
          "Microsoft.Extensions.Diagnostics.Abstractions": "10.0.3",
          "Microsoft.Extensions.Options.ConfigurationExtensions": "10.0.3"
        }
      },
      "Microsoft.Extensions.Diagnostics.Abstractions": {
        "type": "Transitive",
        "resolved": "10.0.3",
        "contentHash": "mQiTzAj7PIJ2A9YXR5QhgulS1fTWhmQc3ckd1Mrf3hKW07d03fBDqx8vVaFw+cRTebDOeB6pNqdWdnRxsi1hBA==",
        "dependencies": {
          "Microsoft.Extensions.DependencyInjection.Abstractions": "10.0.3",
          "Microsoft.Extensions.Options": "10.0.3"
        }
      },
      "Microsoft.Extensions.FileProviders.Abstractions": {
        "type": "Transitive",
        "resolved": "10.0.3",
        "contentHash": "4TD9AXDRsipTmaemwnjt/DM5Ri0de2JzHQhvZ4woBTjUtL4XrPNsMrOk5oiLJAx1gTrE6pOIhxv+lEde5F6CZA==",
        "dependencies": {
          "Microsoft.Extensions.Primitives": "10.0.3"
        }
      },
      "Microsoft.Extensions.FileProviders.Physical": {
        "type": "Transitive",
        "resolved": "10.0.3",
        "contentHash": "8qLl5LXtcj6Z8yPbHAA/a57fvvl9nUCdi59AJFuixcWM4wSuENZ8jjoRATOKs/I4vOi/bDe0d5LqGSSLE634eA==",
        "dependencies": {
          "Microsoft.Extensions.FileProviders.Abstractions": "10.0.3",
          "Microsoft.Extensions.FileSystemGlobbing": "10.0.3",
          "Microsoft.Extensions.Primitives": "10.0.3"
        }
      },
      "Microsoft.Extensions.FileSystemGlobbing": {
        "type": "Transitive",
        "resolved": "10.0.3",
        "contentHash": "oM7pl8uJz8WRPRlh4AGQS61aeV9GOfTu89yqTiRSYyyMuCNVkbNra9zEk7ApyJ/sZrUpbjOZCRHuitCEsTWghg=="
      },
      "Microsoft.Extensions.Logging": {
        "type": "Transitive",
        "resolved": "10.0.3",
        "contentHash": "8D9Er1cGXNjNDIB+VLBNHn386L5ls2FoiG9a6o12gyn+GG3w6jdfUhzT8dtBnKcevE7/fsVA8MS3FBgFfClFtQ==",
        "dependencies": {
          "Microsoft.Extensions.DependencyInjection": "10.0.3",
          "Microsoft.Extensions.Logging.Abstractions": "10.0.3",
          "Microsoft.Extensions.Options": "10.0.3"
        }
      },
      "Microsoft.Extensions.Logging.Abstractions": {
        "type": "Transitive",
        "resolved": "10.0.3",
        "contentHash": "lxl0WLk7ROgBFAsjcOYjQ8/DVK+VMszxGBzUhgtQmAsTNldLL5pk9NG/cWTsXHq0lUhUEAtZkEE7jOGOA8bGKQ==",
        "dependencies": {
          "Microsoft.Extensions.DependencyInjection.Abstractions": "10.0.3"
        }
      },
      "Microsoft.Extensions.Options": {
        "type": "Transitive",
        "resolved": "10.0.3",
        "contentHash": "hU6WzGTPvPoLA2ng1ILvWQb3g0qORdlHNsxI8IcPLumJb3suimYUl+bbDzdo1V4KFsvVhnMWzysHpKbZaoDQPQ==",
        "dependencies": {
          "Microsoft.Extensions.DependencyInjection.Abstractions": "10.0.3",
          "Microsoft.Extensions.Primitives": "10.0.3"
        }
      },
      "Microsoft.Extensions.Options.ConfigurationExtensions": {
        "type": "Transitive",
        "resolved": "10.0.3",
        "contentHash": "bn6QoBbbvwmzLIFyxrnL2/e+sqoNUOGbHyfWK9DPONMv1mDCYHm/C7MusYASM31b2lUx6OiDmonb3v+dv5t0nA==",
        "dependencies": {
          "Microsoft.Extensions.Configuration.Abstractions": "10.0.3",
          "Microsoft.Extensions.Configuration.Binder": "10.0.3",
          "Microsoft.Extensions.DependencyInjection.Abstractions": "10.0.3",
          "Microsoft.Extensions.Options": "10.0.3",
          "Microsoft.Extensions.Primitives": "10.0.3"
        }
      },
      "Microsoft.Extensions.Primitives": {
        "type": "Transitive",
        "resolved": "10.0.3",
        "contentHash": "GEcpTwo7sUoLGGNTqV1FZEuL+tTD9m81NX/mh099dqGNna07/UGZShKQNZRw4hv6nlliSUwYQgSYc7OR99Jufg=="
      },
      "Microsoft.Identity.Client": {
        "type": "Transitive",
        "resolved": "4.80.0",
        "contentHash": "nmg+q17mKdNafWvaX7Of5Xh8sxc4acsD6xOOczp7kgjAzR7bpseYGZzg38XPoS/vW7k92sGKCWgHSogB0K62KQ==",
        "dependencies": {
          "Microsoft.IdentityModel.Abstractions": "8.14.0"
        }
      },
      "Microsoft.Identity.Client.Extensions.Msal": {
        "type": "Transitive",
        "resolved": "4.78.0",
        "contentHash": "DYU9o+DrDQuyZxeq91GBA9eNqBvA3ZMkLzQpF7L9dTk6FcIBM1y1IHXWqiKXTvptPF7CZE59upbyUoa+FJ5eiA==",
        "dependencies": {
          "Microsoft.Identity.Client": "4.78.0",
          "System.Security.Cryptography.ProtectedData": "4.5.0"
        }
      },
      "Microsoft.IdentityModel.Abstractions": {
        "type": "Transitive",
        "resolved": "8.16.0",
        "contentHash": "gSxKLWRZzBpIsEoeUPkxfywNCCvRvl7hkq146XHPk5vOQc9izSf1I+uL1vh4y2U19QPxd9Z8K/8AdWyxYz2lSg=="
      },
      "Microsoft.IdentityModel.JsonWebTokens": {
        "type": "Transitive",
        "resolved": "8.16.0",
        "contentHash": "prBU72cIP4V8E9fhN+o/YdskTsLeIcnKPbhZf0X6mD7fdxoZqnS/NdEkSr+9Zp+2q7OZBOMfNBKGbTbhXODO4w==",
        "dependencies": {
          "Microsoft.IdentityModel.Tokens": "8.16.0"
        }
      },
      "Microsoft.IdentityModel.Logging": {
        "type": "Transitive",
        "resolved": "8.16.0",
        "contentHash": "MTzXmETkNQPACR7/XCXM1OGM6oU9RkyibqeJRtO9Ndew2LnGjMf9Atqj2VSf4XC27X0FQycUAlzxxEgQMWn2xQ==",
        "dependencies": {
          "Microsoft.IdentityModel.Abstractions": "8.16.0"
        }
      },
      "Microsoft.IdentityModel.Protocols": {
        "type": "Transitive",
        "resolved": "7.7.1",
        "contentHash": "h+fHHBGokepmCX+QZXJk4Ij8OApCb2n2ktoDkNX5CXteXsOxTHMNgjPGpAwdJMFvAL7TtGarUnk3o97NmBq2QQ==",
        "dependencies": {
          "Microsoft.IdentityModel.Tokens": "7.7.1"
        }
      },
      "Microsoft.IdentityModel.Protocols.OpenIdConnect": {
        "type": "Transitive",
        "resolved": "7.7.1",
        "contentHash": "yT2Hdj8LpPbcT9C9KlLVxXl09C8zjFaVSaApdOwuecMuoV4s6Sof/mnTDz/+F/lILPIBvrWugR9CC7iRVZgbfQ==",
        "dependencies": {
          "Microsoft.IdentityModel.Protocols": "7.7.1",
          "System.IdentityModel.Tokens.Jwt": "7.7.1"
        }
      },
      "Microsoft.IdentityModel.Tokens": {
        "type": "Transitive",
        "resolved": "8.16.0",
        "contentHash": "rtViGJcGsN7WcfUNErwNeQgjuU5cJNl6FDQsfi9TncwO+Epzn0FTfBsg3YuFW1Q0Ch/KPxaVdjLw3/+5Z5ceFQ==",
        "dependencies": {
          "Microsoft.Extensions.Logging.Abstractions": "10.0.0",
          "Microsoft.IdentityModel.Logging": "8.16.0"
        }
      },
      "Microsoft.SqlServer.Server": {
        "type": "Transitive",
        "resolved": "1.0.0",
        "contentHash": "N4KeF3cpcm1PUHym1RmakkzfkEv3GRMyofVv40uXsQhCQeglr2OHNcUk2WOG51AKpGO8ynGpo9M/kFXSzghwug=="
      },
      "Microsoft.SqlServer.Types": {
        "type": "Transitive",
        "resolved": "160.1000.6",
        "contentHash": "4kk+rz5vnIPr9ENzm8KttUbhBKftv0uHSSFDVjc5OuKPtRP5q0lDbYUy5ZsoYCAG3RrZdJoxPnWN2JNozZAiGA==",
        "dependencies": {
          "Microsoft.SqlServer.Server": "1.0.0"
        }
      },
      "Microsoft.Win32.SystemEvents": {
        "type": "Transitive",
        "resolved": "10.0.3",
        "contentHash": "gYpwz5Gl0rs9pEFHBKctLbSi7SUGR4L1uRjXkU488nizWd2hvo2JP2+ATUsv0th7v6LDiXfdlUsnTbvC2MauFA=="
      },
      "Namotion.Reflection": {
        "type": "Transitive",
        "resolved": "3.4.3",
        "contentHash": "KLk2gLR9f8scM82EiL+p9TONXXPy9+IAZVMzJOA/Wsa7soZD7UJGG6j0fq0D9ZoVnBRRnSeEC7kShhRo3Olgaw=="
      },
      "NJsonSchema.Annotations": {
        "type": "Transitive",
        "resolved": "11.5.2",
        "contentHash": "OfYQgNzJZb1r/gR5vza0DbBLxnmcITDhA5CXFuX1qxuP3rRdQMjbIz5VyDVHCU1QxyrfAymzajbh7iszEvyFGQ=="
      },
      "NLog": {
        "type": "Transitive",
        "resolved": "5.4.0",
        "contentHash": "LwMcGSW3soF3/SL68rlJN3Eh3ktrAPycC3zZR/07OYBPraZUu0bygEC7kIN10lUQgMXT4s84Fi1chglGdGrQEg=="
      },
      "NLog.Extensions.Logging": {
        "type": "Transitive",
        "resolved": "5.4.0",
        "contentHash": "5T19INfbzRywZpyBGoQChsB/R7eHW9hR4Ml9O22NRjJpfltGIJ+rsoCcjwr2/V/E6i3/eXLTQwRAeDMICjWpTA==",
        "dependencies": {
          "Microsoft.Extensions.Configuration.Abstractions": "8.0.0",
          "Microsoft.Extensions.Logging": "8.0.0",
          "NLog": "5.4.0"
        }
      },
      "Snickler.EFCore": {
        "type": "Transitive",
        "resolved": "3.0.0",
        "contentHash": "DovydBI8ojnRFBfGXepme9P3laK8HMacbn5vmdVsN6t/oZL66bPheUAOcsxJdqctdcMu3M2h7baAhZETOxK6Dg==",
        "dependencies": {
          "Microsoft.EntityFrameworkCore.SqlServer": "6.0.0"
        }
      },
      "System.ClientModel": {
        "type": "Transitive",
        "resolved": "1.8.0",
        "contentHash": "AqRzhn0v29GGGLj/Z6gKq4lGNtvPHT4nHdG5PDJh9IfVjv/nYUVmX11hwwws1vDFeIAzrvmn0dPu8IjLtu6fAw==",
        "dependencies": {
          "Microsoft.Extensions.Logging.Abstractions": "8.0.3",
          "System.Memory.Data": "8.0.1"
        }
      },
      "System.Configuration.ConfigurationManager": {
        "type": "Transitive",
        "resolved": "10.0.3",
        "contentHash": "69ZT/MYxQSxwdiiHRtI08noXiG5drj/bXDDZISmeWkNUtbIfYgmTiof16tCVOLTdmSQY7W7gwxkMliKdreWHGQ==",
        "dependencies": {
          "System.Diagnostics.EventLog": "10.0.3",
          "System.Security.Cryptography.ProtectedData": "10.0.3"
        }
      },
      "System.Diagnostics.EventLog": {
        "type": "Transitive",
        "resolved": "10.0.3",
        "contentHash": "+bZnyzt0/vt4g3QSllhsRNGTpa09p7Juy5K8spcK73cOTOefu4+HoY89hZOgIOmzB5A4hqPyEDKnzra7KKnhZw=="
      },
      "System.Diagnostics.PerformanceCounter": {
        "type": "Transitive",
        "resolved": "10.0.3",
        "contentHash": "pQHdkk3QNDYRsNzWVUIamlTiHb3/I50PxGXMRaEqiLmUe+FkInuMj92lCOhvTT6KbLlnMWGRgZq1rDaMJdQixw==",
        "dependencies": {
          "System.Configuration.ConfigurationManager": "10.0.3"
        }
      },
      "System.IdentityModel.Tokens.Jwt": {
        "type": "Transitive",
        "resolved": "8.16.0",
        "contentHash": "rrs2u7DRMXQG2yh0oVyF/vLwosfRv20Ld2iEpYcKwQWXHjfV+gFXNQsQ9p008kR9Ou4pxBs68Q6/9zC8Gi1wjg==",
        "dependencies": {
          "Microsoft.IdentityModel.JsonWebTokens": "8.16.0",
          "Microsoft.IdentityModel.Tokens": "8.16.0"
        }
      },
      "System.IO.Packaging": {
        "type": "Transitive",
        "resolved": "8.0.1",
        "contentHash": "KYkIOAvPexQOLDxPO2g0BVoWInnQhPpkFzRqvNrNrMhVT6kqhVr0zEb6KCHlptLFukxnZrjuMVAnxK7pOGUYrw=="
      },
      "System.Memory.Data": {
        "type": "Transitive",
        "resolved": "8.0.1",
        "contentHash": "BVYuec3jV23EMRDeR7Dr1/qhx7369dZzJ9IWy2xylvb4YfXsrUxspWc4UWYid/tj4zZK58uGZqn2WQiaDMhmAg=="
      },
      "System.Security.Cryptography.Pkcs": {
        "type": "Transitive",
        "resolved": "9.0.11",
        "contentHash": "YS2YqtN6fFjlTDIQI+ucjbbrEvwMn796r+VLTQRr/5Oy6g+i+m7nIou83KnJCnAcKna2I+5eVJRks6SoHSpetQ=="
      },
      "System.Security.Cryptography.ProtectedData": {
        "type": "Transitive",
        "resolved": "10.0.3",
        "contentHash": "JCKbH/CN5l0CSoJBILEvJmNQVp5vV+FY3q2ue4K9p4eDT4mFEv0bjTQCV+MD6Qk1b/qk9fWmZZKhG1TklbXw1Q=="
      },
      "csetwebcore.constants": {
        "type": "Project",
        "dependencies": {
          "SixLabors.ImageSharp": "[3.1.12, )"
        }
      },
      "csetwebcore.datalayer": {
        "type": "Project",
        "dependencies": {
          "Microsoft.Data.SqlClient": "[6.1.4, )",
          "Microsoft.EntityFrameworkCore": "[10.0.3, )",
          "Microsoft.EntityFrameworkCore.SqlServer": "[10.0.3, )",
          "Microsoft.EntityFrameworkCore.SqlServer.Abstractions": "[10.0.3, )",
          "Microsoft.Extensions.Configuration": "[10.0.3, )",
          "Microsoft.Extensions.Configuration.Json": "[10.0.3, )",
          "SixLabors.ImageSharp": "[3.1.12, )",
          "Snickler.EFCore": "[3.0.0, )",
          "System.Security.Cryptography.Pkcs": "[9.0.11, )"
        }
      },
      "csetwebcore.enum": {
        "type": "Project",
        "dependencies": {
          "CSETWebCore.Constants": "[1.0.0, )"
        }
      },
      "csetwebcore.helpers": {
        "type": "Project",
        "dependencies": {
          "CSETWebCore.DataLayer": "[1.0.0, )",
          "CSETWebCore.Enum": "[1.0.0, )",
          "CSETWebCore.Interfaces": "[1.0.0, )",
          "Microsoft.AspNetCore.Authorization": "[10.0.3, )",
          "Microsoft.Data.SqlClient": "[6.1.4, )",
          "Microsoft.EntityFrameworkCore": "[10.0.3, )",
          "Microsoft.EntityFrameworkCore.SqlServer": "[10.0.3, )",
          "Microsoft.EntityFrameworkCore.SqlServer.Abstractions": "[10.0.3, )",
          "Microsoft.Extensions.Configuration": "[10.0.3, )",
          "NJsonSchema": "[11.5.2, )",
          "NLog.Web.AspNetCore": "[5.4.0, )",
          "SixLabors.ImageSharp": "[3.1.12, )"
        }
      },
      "csetwebcore.interfaces": {
        "type": "Project",
        "dependencies": {
          "CSETWebCore.DataLayer": "[1.0.0, )",
          "CSETWebCore.Enum": "[1.0.0, )",
          "CSETWebCore.Model": "[1.0.0, )",
          "Microsoft.Data.SqlClient": "[6.1.4, )",
          "Microsoft.EntityFrameworkCore": "[10.0.3, )",
          "Microsoft.EntityFrameworkCore.SqlServer": "[10.0.3, )",
          "Microsoft.EntityFrameworkCore.SqlServer.Abstractions": "[10.0.3, )",
          "NJsonSchema": "[11.5.2, )",
          "SixLabors.ImageSharp": "[3.1.12, )",
          "System.IdentityModel.Tokens.Jwt": "[8.16.0, )"
        }
      },
      "csetwebcore.model": {
        "type": "Project",
        "dependencies": {
          "CSETWebCore.DataLayer": "[1.0.0, )",
          "CSETWebCore.Enum": "[1.0.0, )",
          "Microsoft.Data.SqlClient": "[6.1.4, )",
          "Microsoft.EntityFrameworkCore": "[10.0.3, )",
          "Microsoft.EntityFrameworkCore.SqlServer": "[10.0.3, )",
          "Microsoft.EntityFrameworkCore.SqlServer.Abstractions": "[10.0.3, )",
          "NJsonSchema": "[11.5.2, )",
          "SixLabors.ImageSharp": "[3.1.12, )",
          "Snickler.EFCore": "[3.0.0, )",
          "System.IdentityModel.Tokens.Jwt": "[8.16.0, )"
        }
      }
    }
  }
}