
Microsoft Visual Studio Solution File, Format Version 12.00
# Visual Studio Version 17
VisualStudioVersion = 17.2.32602.215
MinimumVisualStudioVersion = 10.0.40219.1
Project("{9A19103F-16F7-4668-BE54-9A1E7A4F7556}") = "CSETWebCore.AutoResponder", "CSETWebCore.AutoResponder.csproj", "{3CB6B02D-43F9-4DE5-AFC8-420F5DF6C9F5}"
EndProject
Global
	GlobalSection(SolutionConfigurationPlatforms) = preSolution
		Debug|Any CPU = Debug|Any CPU
		Release|Any CPU = Release|Any CPU
	EndGlobalSection
	GlobalSection(ProjectConfigurationPlatforms) = postSolution
		{3CB6B02D-43F9-4DE5-AFC8-420F5DF6C9F5}.Debug|Any CPU.ActiveCfg = Debug|Any CPU
		{3CB6B02D-43F9-4DE5-AFC8-420F5DF6C9F5}.Debug|Any CPU.Build.0 = Debug|Any CPU
		{3CB6B02D-43F9-4DE5-AFC8-420F5DF6C9F5}.Release|Any CPU.ActiveCfg = Release|Any CPU
		{3CB6B02D-43F9-4DE5-AFC8-420F5DF6C9F5}.Release|Any CPU.Build.0 = Release|Any CPU
	EndGlobalSection
	GlobalSection(SolutionProperties) = preSolution
		HideSolutionNode = FALSE
	EndGlobalSection
	GlobalSection(ExtensibilityGlobals) = postSolution
		SolutionGuid = {9B3117B4-89F8-4C82-868F-4247EA165425}
	EndGlobalSection
EndGlobal
