
Microsoft Visual Studio Solution File, Format Version 12.00
# Visual Studio 15
VisualStudioVersion = 15.0.28307.902
MinimumVisualStudioVersion = 10.0.40219.1
Project("{FAE04EC0-301F-11D3-BF4B-00C04F79EFBC}") = "AutoExportToJson", "AutoExportToJson\AutoExportToJson.csproj", "{2DD2D966-08DC-4A1F-AF29-F092C041197F}"
EndProject
Global
	GlobalSection(SolutionConfigurationPlatforms) = preSolution
		Debug|Any CPU = Debug|Any CPU
		Release|Any CPU = Release|Any CPU
	EndGlobalSection
	GlobalSection(ProjectConfigurationPlatforms) = postSolution
		{2DD2D966-08DC-4A1F-AF29-F092C041197F}.Debug|Any CPU.ActiveCfg = Debug|Any CPU
		{2DD2D966-08DC-4A1F-AF29-F092C041197F}.Debug|Any CPU.Build.0 = Debug|Any CPU
		{2DD2D966-08DC-4A1F-AF29-F092C041197F}.Release|Any CPU.ActiveCfg = Release|Any CPU
		{2DD2D966-08DC-4A1F-AF29-F092C041197F}.Release|Any CPU.Build.0 = Release|Any CPU
	EndGlobalSection
	GlobalSection(SolutionProperties) = preSolution
		HideSolutionNode = FALSE
	EndGlobalSection
	GlobalSection(ExtensibilityGlobals) = postSolution
		SolutionGuid = {954008C3-97A0-467C-A1A3-95B392A94635}
	EndGlobalSection
EndGlobal
