
Microsoft Visual Studio Solution File, Format Version 12.00
# Visual Studio Version 16
VisualStudioVersion = 16.0.30611.23
MinimumVisualStudioVersion = 10.0.40219.1
Project("{9A19103F-16F7-4668-BE54-9A1E7A4F7556}") = "CSETWebCore.Api", "CSETWeb_ApiCore\CSETWebCore.Api.csproj", "{81E85E56-C661-4CC7-BF77-7F949CEF01DC}"
EndProject
Project("{9A19103F-16F7-4668-BE54-9A1E7A4F7556}") = "CSETWebCore.Business", "CSETWebCore.Business\CSETWebCore.Business.csproj", "{3BA35E1B-452E-4336-8079-0BBEA807B86E}"
EndProject
Project("{9A19103F-16F7-4668-BE54-9A1E7A4F7556}") = "CSETWebCore.Interfaces", "CSETWebCore.Interfaces\CSETWebCore.Interfaces.csproj", "{CFC8B36A-D70E-42AD-86B6-8034383E2545}"
EndProject
Project("{9A19103F-16F7-4668-BE54-9A1E7A4F7556}") = "CSETWebCore.Model", "CSETWebCore.Model\CSETWebCore.Model.csproj", "{0178D749-0097-4A90-A274-FC053F025126}"
EndProject
Project("{9A19103F-16F7-4668-BE54-9A1E7A4F7556}") = "CSETWebCore.Helpers", "CSETWebCore.Helpers\CSETWebCore.Helpers.csproj", "{4BDB5D05-374A-4FEB-9AE6-ADC01DF0E3D3}"
EndProject
Project("{9A19103F-16F7-4668-BE54-9A1E7A4F7556}") = "CSETWebCore.Enum", "CSETWebCore.Enum\CSETWebCore.Enum.csproj", "{BECF8DA2-187A-4E78-96D5-56C9F36ABCC7}"
EndProject
Project("{9A19103F-16F7-4668-BE54-9A1E7A4F7556}") = "CSETWebCore.Constants", "CSETWebCore.Constants\CSETWebCore.Constants.csproj", "{DD58AB61-79AB-4213-819C-F002AF03D7A0}"
EndProject
Project("{9A19103F-16F7-4668-BE54-9A1E7A4F7556}") = "CSETWebCore.DataLayer", "CSETWebCore.DataLayer\CSETWebCore.DataLayer.csproj", "{3C04E4E9-CBBF-4E05-A937-09B52C921847}"
EndProject
Project("{9A19103F-16F7-4668-BE54-9A1E7A4F7556}") = "CSETWebCore.CryptoBuffer", "CSETWebCore.CryptoBuffer\CSETWebCore.CryptoBuffer.csproj", "{5B596EEE-D8B8-438E-9C87-2AA73B158AA3}"
EndProject
Project("{9A19103F-16F7-4668-BE54-9A1E7A4F7556}") = "CSETWebCore.ExportCSV", "CSETWebCore.ExportCSV\CSETWebCore.ExportCSV.csproj", "{7D67B073-4E40-4079-BD75-BDC097E8DB39}"
EndProject
Project("{FAE04EC0-301F-11D3-BF4B-00C04F79EFBC}") = "CSETWebCore.Reports", "CSETWebCore.Reports\CSETWebCore.Reports.csproj", "{023FE90A-B9B1-4902-BE78-4FEE51BDD184}"
EndProject
Project("{FAE04EC0-301F-11D3-BF4B-00C04F79EFBC}") = "ReportGenerator", "ReportGenerator\ReportGenerator.csproj", "{48D386BD-DB7E-40EA-84F3-07C2DE55E2E2}"
EndProject
Project("{FAE04EC0-301F-11D3-BF4B-00C04F79EFBC}") = "ReportsUsingAspNet", "ReportsUsingAspNet\ReportsUsingAspNet.csproj", "{309732E8-BA62-4D2B-90B5-4799BA101B47}"
EndProject
Global
	GlobalSection(SolutionConfigurationPlatforms) = preSolution
		Debug|Any CPU = Debug|Any CPU
		localdb|Any CPU = localdb|Any CPU
		localhost|Any CPU = localhost|Any CPU
		Release|Any CPU = Release|Any CPU
	EndGlobalSection
	GlobalSection(ProjectConfigurationPlatforms) = postSolution
		{81E85E56-C661-4CC7-BF77-7F949CEF01DC}.Debug|Any CPU.ActiveCfg = Debug|Any CPU
		{81E85E56-C661-4CC7-BF77-7F949CEF01DC}.Debug|Any CPU.Build.0 = Debug|Any CPU
		{81E85E56-C661-4CC7-BF77-7F949CEF01DC}.localdb|Any CPU.ActiveCfg = Debug|Any CPU
		{81E85E56-C661-4CC7-BF77-7F949CEF01DC}.localdb|Any CPU.Build.0 = Debug|Any CPU
		{81E85E56-C661-4CC7-BF77-7F949CEF01DC}.localhost|Any CPU.ActiveCfg = Debug|Any CPU
		{81E85E56-C661-4CC7-BF77-7F949CEF01DC}.localhost|Any CPU.Build.0 = Debug|Any CPU
		{81E85E56-C661-4CC7-BF77-7F949CEF01DC}.Release|Any CPU.ActiveCfg = Release|Any CPU
		{81E85E56-C661-4CC7-BF77-7F949CEF01DC}.Release|Any CPU.Build.0 = Release|Any CPU
		{3BA35E1B-452E-4336-8079-0BBEA807B86E}.Debug|Any CPU.ActiveCfg = Debug|Any CPU
		{3BA35E1B-452E-4336-8079-0BBEA807B86E}.Debug|Any CPU.Build.0 = Debug|Any CPU
		{3BA35E1B-452E-4336-8079-0BBEA807B86E}.localdb|Any CPU.ActiveCfg = Debug|Any CPU
		{3BA35E1B-452E-4336-8079-0BBEA807B86E}.localdb|Any CPU.Build.0 = Debug|Any CPU
		{3BA35E1B-452E-4336-8079-0BBEA807B86E}.localhost|Any CPU.ActiveCfg = Debug|Any CPU
		{3BA35E1B-452E-4336-8079-0BBEA807B86E}.localhost|Any CPU.Build.0 = Debug|Any CPU
		{3BA35E1B-452E-4336-8079-0BBEA807B86E}.Release|Any CPU.ActiveCfg = Release|Any CPU
		{3BA35E1B-452E-4336-8079-0BBEA807B86E}.Release|Any CPU.Build.0 = Release|Any CPU
		{CFC8B36A-D70E-42AD-86B6-8034383E2545}.Debug|Any CPU.ActiveCfg = Debug|Any CPU
		{CFC8B36A-D70E-42AD-86B6-8034383E2545}.Debug|Any CPU.Build.0 = Debug|Any CPU
		{CFC8B36A-D70E-42AD-86B6-8034383E2545}.localdb|Any CPU.ActiveCfg = Debug|Any CPU
		{CFC8B36A-D70E-42AD-86B6-8034383E2545}.localdb|Any CPU.Build.0 = Debug|Any CPU
		{CFC8B36A-D70E-42AD-86B6-8034383E2545}.localhost|Any CPU.ActiveCfg = Debug|Any CPU
		{CFC8B36A-D70E-42AD-86B6-8034383E2545}.localhost|Any CPU.Build.0 = Debug|Any CPU
		{CFC8B36A-D70E-42AD-86B6-8034383E2545}.Release|Any CPU.ActiveCfg = Release|Any CPU
		{CFC8B36A-D70E-42AD-86B6-8034383E2545}.Release|Any CPU.Build.0 = Release|Any CPU
		{0178D749-0097-4A90-A274-FC053F025126}.Debug|Any CPU.ActiveCfg = Debug|Any CPU
		{0178D749-0097-4A90-A274-FC053F025126}.Debug|Any CPU.Build.0 = Debug|Any CPU
		{0178D749-0097-4A90-A274-FC053F025126}.localdb|Any CPU.ActiveCfg = Debug|Any CPU
		{0178D749-0097-4A90-A274-FC053F025126}.localdb|Any CPU.Build.0 = Debug|Any CPU
		{0178D749-0097-4A90-A274-FC053F025126}.localhost|Any CPU.ActiveCfg = Debug|Any CPU
		{0178D749-0097-4A90-A274-FC053F025126}.localhost|Any CPU.Build.0 = Debug|Any CPU
		{0178D749-0097-4A90-A274-FC053F025126}.Release|Any CPU.ActiveCfg = Release|Any CPU
		{0178D749-0097-4A90-A274-FC053F025126}.Release|Any CPU.Build.0 = Release|Any CPU
		{4BDB5D05-374A-4FEB-9AE6-ADC01DF0E3D3}.Debug|Any CPU.ActiveCfg = Debug|Any CPU
		{4BDB5D05-374A-4FEB-9AE6-ADC01DF0E3D3}.Debug|Any CPU.Build.0 = Debug|Any CPU
		{4BDB5D05-374A-4FEB-9AE6-ADC01DF0E3D3}.localdb|Any CPU.ActiveCfg = Debug|Any CPU
		{4BDB5D05-374A-4FEB-9AE6-ADC01DF0E3D3}.localdb|Any CPU.Build.0 = Debug|Any CPU
		{4BDB5D05-374A-4FEB-9AE6-ADC01DF0E3D3}.localhost|Any CPU.ActiveCfg = Debug|Any CPU
		{4BDB5D05-374A-4FEB-9AE6-ADC01DF0E3D3}.localhost|Any CPU.Build.0 = Debug|Any CPU
		{4BDB5D05-374A-4FEB-9AE6-ADC01DF0E3D3}.Release|Any CPU.ActiveCfg = Release|Any CPU
		{4BDB5D05-374A-4FEB-9AE6-ADC01DF0E3D3}.Release|Any CPU.Build.0 = Release|Any CPU
		{BECF8DA2-187A-4E78-96D5-56C9F36ABCC7}.Debug|Any CPU.ActiveCfg = Debug|Any CPU
		{BECF8DA2-187A-4E78-96D5-56C9F36ABCC7}.Debug|Any CPU.Build.0 = Debug|Any CPU
		{BECF8DA2-187A-4E78-96D5-56C9F36ABCC7}.localdb|Any CPU.ActiveCfg = Debug|Any CPU
		{BECF8DA2-187A-4E78-96D5-56C9F36ABCC7}.localdb|Any CPU.Build.0 = Debug|Any CPU
		{BECF8DA2-187A-4E78-96D5-56C9F36ABCC7}.localhost|Any CPU.ActiveCfg = Debug|Any CPU
		{BECF8DA2-187A-4E78-96D5-56C9F36ABCC7}.localhost|Any CPU.Build.0 = Debug|Any CPU
		{BECF8DA2-187A-4E78-96D5-56C9F36ABCC7}.Release|Any CPU.ActiveCfg = Release|Any CPU
		{BECF8DA2-187A-4E78-96D5-56C9F36ABCC7}.Release|Any CPU.Build.0 = Release|Any CPU
		{DD58AB61-79AB-4213-819C-F002AF03D7A0}.Debug|Any CPU.ActiveCfg = Debug|Any CPU
		{DD58AB61-79AB-4213-819C-F002AF03D7A0}.Debug|Any CPU.Build.0 = Debug|Any CPU
		{DD58AB61-79AB-4213-819C-F002AF03D7A0}.localdb|Any CPU.ActiveCfg = Debug|Any CPU
		{DD58AB61-79AB-4213-819C-F002AF03D7A0}.localdb|Any CPU.Build.0 = Debug|Any CPU
		{DD58AB61-79AB-4213-819C-F002AF03D7A0}.localhost|Any CPU.ActiveCfg = Debug|Any CPU
		{DD58AB61-79AB-4213-819C-F002AF03D7A0}.localhost|Any CPU.Build.0 = Debug|Any CPU
		{DD58AB61-79AB-4213-819C-F002AF03D7A0}.Release|Any CPU.ActiveCfg = Release|Any CPU
		{DD58AB61-79AB-4213-819C-F002AF03D7A0}.Release|Any CPU.Build.0 = Release|Any CPU
		{3C04E4E9-CBBF-4E05-A937-09B52C921847}.Debug|Any CPU.ActiveCfg = Debug|Any CPU
		{3C04E4E9-CBBF-4E05-A937-09B52C921847}.Debug|Any CPU.Build.0 = Debug|Any CPU
		{3C04E4E9-CBBF-4E05-A937-09B52C921847}.localdb|Any CPU.ActiveCfg = Debug|Any CPU
		{3C04E4E9-CBBF-4E05-A937-09B52C921847}.localdb|Any CPU.Build.0 = Debug|Any CPU
		{3C04E4E9-CBBF-4E05-A937-09B52C921847}.localhost|Any CPU.ActiveCfg = Debug|Any CPU
		{3C04E4E9-CBBF-4E05-A937-09B52C921847}.localhost|Any CPU.Build.0 = Debug|Any CPU
		{3C04E4E9-CBBF-4E05-A937-09B52C921847}.Release|Any CPU.ActiveCfg = Release|Any CPU
		{3C04E4E9-CBBF-4E05-A937-09B52C921847}.Release|Any CPU.Build.0 = Release|Any CPU
		{5B596EEE-D8B8-438E-9C87-2AA73B158AA3}.Debug|Any CPU.ActiveCfg = Debug|Any CPU
		{5B596EEE-D8B8-438E-9C87-2AA73B158AA3}.Debug|Any CPU.Build.0 = Debug|Any CPU
		{5B596EEE-D8B8-438E-9C87-2AA73B158AA3}.localdb|Any CPU.ActiveCfg = Debug|Any CPU
		{5B596EEE-D8B8-438E-9C87-2AA73B158AA3}.localdb|Any CPU.Build.0 = Debug|Any CPU
		{5B596EEE-D8B8-438E-9C87-2AA73B158AA3}.localhost|Any CPU.ActiveCfg = Debug|Any CPU
		{5B596EEE-D8B8-438E-9C87-2AA73B158AA3}.localhost|Any CPU.Build.0 = Debug|Any CPU
		{5B596EEE-D8B8-438E-9C87-2AA73B158AA3}.Release|Any CPU.ActiveCfg = Release|Any CPU
		{5B596EEE-D8B8-438E-9C87-2AA73B158AA3}.Release|Any CPU.Build.0 = Release|Any CPU
		{7D67B073-4E40-4079-BD75-BDC097E8DB39}.Debug|Any CPU.ActiveCfg = Debug|Any CPU
		{7D67B073-4E40-4079-BD75-BDC097E8DB39}.Debug|Any CPU.Build.0 = Debug|Any CPU
		{7D67B073-4E40-4079-BD75-BDC097E8DB39}.localdb|Any CPU.ActiveCfg = Debug|Any CPU
		{7D67B073-4E40-4079-BD75-BDC097E8DB39}.localdb|Any CPU.Build.0 = Debug|Any CPU
		{7D67B073-4E40-4079-BD75-BDC097E8DB39}.localhost|Any CPU.ActiveCfg = Debug|Any CPU
		{7D67B073-4E40-4079-BD75-BDC097E8DB39}.localhost|Any CPU.Build.0 = Debug|Any CPU
		{7D67B073-4E40-4079-BD75-BDC097E8DB39}.Release|Any CPU.ActiveCfg = Release|Any CPU
		{7D67B073-4E40-4079-BD75-BDC097E8DB39}.Release|Any CPU.Build.0 = Release|Any CPU
		{48D386BD-DB7E-40EA-84F3-07C2DE55E2E2}.Debug|Any CPU.ActiveCfg = Debug|Any CPU
		{48D386BD-DB7E-40EA-84F3-07C2DE55E2E2}.Debug|Any CPU.Build.0 = Debug|Any CPU
		{48D386BD-DB7E-40EA-84F3-07C2DE55E2E2}.localdb|Any CPU.ActiveCfg = Debug|Any CPU
		{48D386BD-DB7E-40EA-84F3-07C2DE55E2E2}.localdb|Any CPU.Build.0 = Debug|Any CPU
		{48D386BD-DB7E-40EA-84F3-07C2DE55E2E2}.localhost|Any CPU.ActiveCfg = Debug|Any CPU
		{48D386BD-DB7E-40EA-84F3-07C2DE55E2E2}.localhost|Any CPU.Build.0 = Debug|Any CPU
		{48D386BD-DB7E-40EA-84F3-07C2DE55E2E2}.Release|Any CPU.ActiveCfg = Release|Any CPU
		{48D386BD-DB7E-40EA-84F3-07C2DE55E2E2}.Release|Any CPU.Build.0 = Release|Any CPU
		{309732E8-BA62-4D2B-90B5-4799BA101B47}.Debug|Any CPU.ActiveCfg = Debug|Any CPU
		{309732E8-BA62-4D2B-90B5-4799BA101B47}.Debug|Any CPU.Build.0 = Debug|Any CPU
		{309732E8-BA62-4D2B-90B5-4799BA101B47}.localdb|Any CPU.ActiveCfg = Debug|Any CPU
		{309732E8-BA62-4D2B-90B5-4799BA101B47}.localdb|Any CPU.Build.0 = Debug|Any CPU
		{309732E8-BA62-4D2B-90B5-4799BA101B47}.localhost|Any CPU.ActiveCfg = Debug|Any CPU
		{309732E8-BA62-4D2B-90B5-4799BA101B47}.localhost|Any CPU.Build.0 = Debug|Any CPU
		{309732E8-BA62-4D2B-90B5-4799BA101B47}.Release|Any CPU.ActiveCfg = Release|Any CPU
		{309732E8-BA62-4D2B-90B5-4799BA101B47}.Release|Any CPU.Build.0 = Release|Any CPU
		{023FE90A-B9B1-4902-BE78-4FEE51BDD184}.Debug|Any CPU.ActiveCfg = Debug|Any CPU
		{023FE90A-B9B1-4902-BE78-4FEE51BDD184}.Debug|Any CPU.Build.0 = Debug|Any CPU
		{023FE90A-B9B1-4902-BE78-4FEE51BDD184}.localdb|Any CPU.ActiveCfg = Debug|Any CPU
		{023FE90A-B9B1-4902-BE78-4FEE51BDD184}.localdb|Any CPU.Build.0 = Debug|Any CPU
		{023FE90A-B9B1-4902-BE78-4FEE51BDD184}.localhost|Any CPU.ActiveCfg = Debug|Any CPU
		{023FE90A-B9B1-4902-BE78-4FEE51BDD184}.localhost|Any CPU.Build.0 = Debug|Any CPU
		{023FE90A-B9B1-4902-BE78-4FEE51BDD184}.Release|Any CPU.ActiveCfg = Release|Any CPU
		{023FE90A-B9B1-4902-BE78-4FEE51BDD184}.Release|Any CPU.Build.0 = Release|Any CPU
	EndGlobalSection
	GlobalSection(SolutionProperties) = preSolution
		HideSolutionNode = FALSE
	EndGlobalSection
	GlobalSection(ExtensibilityGlobals) = postSolution
		SolutionGuid = {49CE5803-A690-4E54-A95A-B591B86B91FC}
	EndGlobalSection
	GlobalSection(Performance) = preSolution
		HasPerformanceSessions = true
	EndGlobalSection
EndGlobal
