
Microsoft Visual Studio Solution File, Format Version 12.00
# Visual Studio Version 17
VisualStudioVersion = 17.2.32602.215
MinimumVisualStudioVersion = 10.0.40219.1
Project("{9A19103F-16F7-4668-BE54-9A1E7A4F7556}") = "CSETWebCore.Api", "CSETWeb_ApiCore\CSETWebCore.Api.csproj", "{81E85E56-C661-4CC7-BF77-7F949CEF01DC}"
EndProject
Project("{9A19103F-16F7-4668-BE54-9A1E7A4F7556}") = "CSETWebCore.Business", "CSETWebCore.Business\CSETWebCore.Business.csproj", "{3BA35E1B-452E-4336-8079-0BBEA807B86E}"
EndProject
Project("{9A19103F-16F7-4668-BE54-9A1E7A4F7556}") = "CSETWebCore.Interfaces", "CSETWebCore.Interfaces\CSETWebCore.Interfaces.csproj", "{CFC8B36A-D70E-42AD-86B6-8034383E2545}"
EndProject
Project("{9A19103F-16F7-4668-BE54-9A1E7A4F7556}") = "CSETWebCore.Model", "CSETWebCore.Model\CSETWebCore.Model.csproj", "{0178D749-0097-4A90-A274-FC053F025126}"
EndProject
Project("{9A19103F-16F7-4668-BE54-9A1E7A4F7556}") = "CSETWebCore.Helpers", "CSETWebCore.Helpers\CSETWebCore.Helpers.csproj", "{4BDB5D05-374A-4FEB-9AE6-ADC01DF0E3D3}"
EndProject
Project("{9A19103F-16F7-4668-BE54-9A1E7A4F7556}") = "CSETWebCore.Enum", "CSETWebCore.Enum\CSETWebCore.Enum.csproj", "{BECF8DA2-187A-4E78-96D5-56C9F36ABCC7}"
EndProject
Project("{9A19103F-16F7-4668-BE54-9A1E7A4F7556}") = "CSETWebCore.Constants", "CSETWebCore.Constants\CSETWebCore.Constants.csproj", "{DD58AB61-79AB-4213-819C-F002AF03D7A0}"
EndProject
Project("{9A19103F-16F7-4668-BE54-9A1E7A4F7556}") = "CSETWebCore.DataLayer", "CSETWebCore.DataLayer\CSETWebCore.DataLayer.csproj", "{3C04E4E9-CBBF-4E05-A937-09B52C921847}"
EndProject
Project("{9A19103F-16F7-4668-BE54-9A1E7A4F7556}") = "CSETWebCore.CryptoBuffer", "CSETWebCore.CryptoBuffer\CSETWebCore.CryptoBuffer.csproj", "{5B596EEE-D8B8-438E-9C87-2AA73B158AA3}"
EndProject
Project("{9A19103F-16F7-4668-BE54-9A1E7A4F7556}") = "CSETWebCore.ExportCSV", "CSETWebCore.ExportCSV\CSETWebCore.ExportCSV.csproj", "{7D67B073-4E40-4079-BD75-BDC097E8DB39}"
EndProject
Project("{9A19103F-16F7-4668-BE54-9A1E7A4F7556}") = "CSETWebCore.DatabaseManager", "CSETWebCore.DatabaseManager\CSETWebCore.DatabaseManager.csproj", "{00FA2FD6-6603-4575-9CC7-DF13884A71A2}"
EndProject
Project("{9A19103F-16F7-4668-BE54-9A1E7A4F7556}") = "CSETWebCore.HelpersTests", "CSETWebCore.HelpersTests\CSETWebCore.HelpersTests.csproj", "{3B2CE4B5-2618-42A6-A275-D4704161D8DF}"
EndProject
Project("{9A19103F-16F7-4668-BE54-9A1E7A4F7556}") = "CSETWebCore.UpgradeLibrary", "CSETWebCore.UpgradeLibrary\CSETWebCore.UpgradeLibrary.csproj", "{CA7543E7-5573-41D6-9E37-3F9FEE43F8E7}"
EndProject
Project("{9A19103F-16F7-4668-BE54-9A1E7A4F7556}") = "CSETWebCore.BusinessTests", "CSETWebCore.BusinessTests\CSETWebCore.BusinessTests.csproj", "{85A5D909-3D41-4DDA-8321-D6B7D1605605}"
EndProject
Project("{9A19103F-16F7-4668-BE54-9A1E7A4F7556}") = "CSETWebCore.ApiTests", "CSETWebCore.ApiTests\CSETWebCore.ApiTests.csproj", "{6F6398A2-2C5C-435C-8149-EB876BC1ABF7}"
EndProject
Project("{9A19103F-16F7-4668-BE54-9A1E7A4F7556}") = "CSETWebCore.AutoResponder", "..\CSETWebCore.AutoResponder\CSETWebCore.AutoResponder.csproj", "{EA32CF88-A553-4656-855D-9ECEA8191353}"
EndProject
Project("{9A19103F-16F7-4668-BE54-9A1E7A4F7556}") = "CSETWebCore.AutoResponderTests", "..\CSETWebCore.AutoResponderTests\CSETWebCore.AutoResponderTests.csproj", "{EDCA7204-4F64-40F0-ACD8-DA18F7465106}"
EndProject
Project("{9A19103F-16F7-4668-BE54-9A1E7A4F7556}") = "CSETWebCore.DatabaseManagerTests1", "CSETWebCore.DatabaseManagerTests1\CSETWebCore.DatabaseManagerTests1.csproj", "{A571FDFE-6EC8-44F3-B342-16510344F2D0}"
EndProject
Project("{FAE04EC0-301F-11D3-BF4B-00C04F79EFBC}") = "DuplicateAssessments", "DuplicateAssessments\DuplicateAssessments.csproj", "{4D47B51B-C626-418F-991E-05A77A65F1AF}"
EndProject
Global
	GlobalSection(SolutionConfigurationPlatforms) = preSolution
		Debug|Any CPU = Debug|Any CPU
		localdb|Any CPU = localdb|Any CPU
		localhost|Any CPU = localhost|Any CPU
		NCUA|Any CPU = NCUA|Any CPU
		Release|Any CPU = Release|Any CPU
	EndGlobalSection
	GlobalSection(ProjectConfigurationPlatforms) = postSolution
		{81E85E56-C661-4CC7-BF77-7F949CEF01DC}.Debug|Any CPU.ActiveCfg = Debug|Any CPU
		{81E85E56-C661-4CC7-BF77-7F949CEF01DC}.Debug|Any CPU.Build.0 = Debug|Any CPU
		{81E85E56-C661-4CC7-BF77-7F949CEF01DC}.localdb|Any CPU.ActiveCfg = Debug|Any CPU
		{81E85E56-C661-4CC7-BF77-7F949CEF01DC}.localdb|Any CPU.Build.0 = Debug|Any CPU
		{81E85E56-C661-4CC7-BF77-7F949CEF01DC}.localhost|Any CPU.ActiveCfg = Debug|Any CPU
		{81E85E56-C661-4CC7-BF77-7F949CEF01DC}.localhost|Any CPU.Build.0 = Debug|Any CPU
		{81E85E56-C661-4CC7-BF77-7F949CEF01DC}.NCUA|Any CPU.ActiveCfg = Release|Any CPU
		{81E85E56-C661-4CC7-BF77-7F949CEF01DC}.NCUA|Any CPU.Build.0 = Release|Any CPU
		{81E85E56-C661-4CC7-BF77-7F949CEF01DC}.Release|Any CPU.ActiveCfg = Release|Any CPU
		{81E85E56-C661-4CC7-BF77-7F949CEF01DC}.Release|Any CPU.Build.0 = Release|Any CPU
		{3BA35E1B-452E-4336-8079-0BBEA807B86E}.Debug|Any CPU.ActiveCfg = Debug|Any CPU
		{3BA35E1B-452E-4336-8079-0BBEA807B86E}.Debug|Any CPU.Build.0 = Debug|Any CPU
		{3BA35E1B-452E-4336-8079-0BBEA807B86E}.localdb|Any CPU.ActiveCfg = Debug|Any CPU
		{3BA35E1B-452E-4336-8079-0BBEA807B86E}.localdb|Any CPU.Build.0 = Debug|Any CPU
		{3BA35E1B-452E-4336-8079-0BBEA807B86E}.localhost|Any CPU.ActiveCfg = Debug|Any CPU
		{3BA35E1B-452E-4336-8079-0BBEA807B86E}.localhost|Any CPU.Build.0 = Debug|Any CPU
		{3BA35E1B-452E-4336-8079-0BBEA807B86E}.NCUA|Any CPU.ActiveCfg = Release|Any CPU
		{3BA35E1B-452E-4336-8079-0BBEA807B86E}.NCUA|Any CPU.Build.0 = Release|Any CPU
		{3BA35E1B-452E-4336-8079-0BBEA807B86E}.Release|Any CPU.ActiveCfg = Release|Any CPU
		{3BA35E1B-452E-4336-8079-0BBEA807B86E}.Release|Any CPU.Build.0 = Release|Any CPU
		{CFC8B36A-D70E-42AD-86B6-8034383E2545}.Debug|Any CPU.ActiveCfg = Debug|Any CPU
		{CFC8B36A-D70E-42AD-86B6-8034383E2545}.Debug|Any CPU.Build.0 = Debug|Any CPU
		{CFC8B36A-D70E-42AD-86B6-8034383E2545}.localdb|Any CPU.ActiveCfg = Debug|Any CPU
		{CFC8B36A-D70E-42AD-86B6-8034383E2545}.localdb|Any CPU.Build.0 = Debug|Any CPU
		{CFC8B36A-D70E-42AD-86B6-8034383E2545}.localhost|Any CPU.ActiveCfg = Debug|Any CPU
		{CFC8B36A-D70E-42AD-86B6-8034383E2545}.localhost|Any CPU.Build.0 = Debug|Any CPU
		{CFC8B36A-D70E-42AD-86B6-8034383E2545}.NCUA|Any CPU.ActiveCfg = Release|Any CPU
		{CFC8B36A-D70E-42AD-86B6-8034383E2545}.NCUA|Any CPU.Build.0 = Release|Any CPU
		{CFC8B36A-D70E-42AD-86B6-8034383E2545}.Release|Any CPU.ActiveCfg = Release|Any CPU
		{CFC8B36A-D70E-42AD-86B6-8034383E2545}.Release|Any CPU.Build.0 = Release|Any CPU
		{0178D749-0097-4A90-A274-FC053F025126}.Debug|Any CPU.ActiveCfg = Debug|Any CPU
		{0178D749-0097-4A90-A274-FC053F025126}.Debug|Any CPU.Build.0 = Debug|Any CPU
		{0178D749-0097-4A90-A274-FC053F025126}.localdb|Any CPU.ActiveCfg = Debug|Any CPU
		{0178D749-0097-4A90-A274-FC053F025126}.localdb|Any CPU.Build.0 = Debug|Any CPU
		{0178D749-0097-4A90-A274-FC053F025126}.localhost|Any CPU.ActiveCfg = Debug|Any CPU
		{0178D749-0097-4A90-A274-FC053F025126}.localhost|Any CPU.Build.0 = Debug|Any CPU
		{0178D749-0097-4A90-A274-FC053F025126}.NCUA|Any CPU.ActiveCfg = Release|Any CPU
		{0178D749-0097-4A90-A274-FC053F025126}.NCUA|Any CPU.Build.0 = Release|Any CPU
		{0178D749-0097-4A90-A274-FC053F025126}.Release|Any CPU.ActiveCfg = Release|Any CPU
		{0178D749-0097-4A90-A274-FC053F025126}.Release|Any CPU.Build.0 = Release|Any CPU
		{4BDB5D05-374A-4FEB-9AE6-ADC01DF0E3D3}.Debug|Any CPU.ActiveCfg = Debug|Any CPU
		{4BDB5D05-374A-4FEB-9AE6-ADC01DF0E3D3}.Debug|Any CPU.Build.0 = Debug|Any CPU
		{4BDB5D05-374A-4FEB-9AE6-ADC01DF0E3D3}.localdb|Any CPU.ActiveCfg = Debug|Any CPU
		{4BDB5D05-374A-4FEB-9AE6-ADC01DF0E3D3}.localdb|Any CPU.Build.0 = Debug|Any CPU
		{4BDB5D05-374A-4FEB-9AE6-ADC01DF0E3D3}.localhost|Any CPU.ActiveCfg = Debug|Any CPU
		{4BDB5D05-374A-4FEB-9AE6-ADC01DF0E3D3}.localhost|Any CPU.Build.0 = Debug|Any CPU
		{4BDB5D05-374A-4FEB-9AE6-ADC01DF0E3D3}.NCUA|Any CPU.ActiveCfg = Release|Any CPU
		{4BDB5D05-374A-4FEB-9AE6-ADC01DF0E3D3}.NCUA|Any CPU.Build.0 = Release|Any CPU
		{4BDB5D05-374A-4FEB-9AE6-ADC01DF0E3D3}.Release|Any CPU.ActiveCfg = Release|Any CPU
		{4BDB5D05-374A-4FEB-9AE6-ADC01DF0E3D3}.Release|Any CPU.Build.0 = Release|Any CPU
		{BECF8DA2-187A-4E78-96D5-56C9F36ABCC7}.Debug|Any CPU.ActiveCfg = Debug|Any CPU
		{BECF8DA2-187A-4E78-96D5-56C9F36ABCC7}.Debug|Any CPU.Build.0 = Debug|Any CPU
		{BECF8DA2-187A-4E78-96D5-56C9F36ABCC7}.localdb|Any CPU.ActiveCfg = Debug|Any CPU
		{BECF8DA2-187A-4E78-96D5-56C9F36ABCC7}.localdb|Any CPU.Build.0 = Debug|Any CPU
		{BECF8DA2-187A-4E78-96D5-56C9F36ABCC7}.localhost|Any CPU.ActiveCfg = Debug|Any CPU
		{BECF8DA2-187A-4E78-96D5-56C9F36ABCC7}.localhost|Any CPU.Build.0 = Debug|Any CPU
		{BECF8DA2-187A-4E78-96D5-56C9F36ABCC7}.NCUA|Any CPU.ActiveCfg = Release|Any CPU
		{BECF8DA2-187A-4E78-96D5-56C9F36ABCC7}.NCUA|Any CPU.Build.0 = Release|Any CPU
		{BECF8DA2-187A-4E78-96D5-56C9F36ABCC7}.Release|Any CPU.ActiveCfg = Release|Any CPU
		{BECF8DA2-187A-4E78-96D5-56C9F36ABCC7}.Release|Any CPU.Build.0 = Release|Any CPU
		{DD58AB61-79AB-4213-819C-F002AF03D7A0}.Debug|Any CPU.ActiveCfg = Debug|Any CPU
		{DD58AB61-79AB-4213-819C-F002AF03D7A0}.Debug|Any CPU.Build.0 = Debug|Any CPU
		{DD58AB61-79AB-4213-819C-F002AF03D7A0}.localdb|Any CPU.ActiveCfg = Debug|Any CPU
		{DD58AB61-79AB-4213-819C-F002AF03D7A0}.localdb|Any CPU.Build.0 = Debug|Any CPU
		{DD58AB61-79AB-4213-819C-F002AF03D7A0}.localhost|Any CPU.ActiveCfg = Debug|Any CPU
		{DD58AB61-79AB-4213-819C-F002AF03D7A0}.localhost|Any CPU.Build.0 = Debug|Any CPU
		{DD58AB61-79AB-4213-819C-F002AF03D7A0}.NCUA|Any CPU.ActiveCfg = Release|Any CPU
		{DD58AB61-79AB-4213-819C-F002AF03D7A0}.NCUA|Any CPU.Build.0 = Release|Any CPU
		{DD58AB61-79AB-4213-819C-F002AF03D7A0}.Release|Any CPU.ActiveCfg = Release|Any CPU
		{DD58AB61-79AB-4213-819C-F002AF03D7A0}.Release|Any CPU.Build.0 = Release|Any CPU
		{3C04E4E9-CBBF-4E05-A937-09B52C921847}.Debug|Any CPU.ActiveCfg = Debug|Any CPU
		{3C04E4E9-CBBF-4E05-A937-09B52C921847}.Debug|Any CPU.Build.0 = Debug|Any CPU
		{3C04E4E9-CBBF-4E05-A937-09B52C921847}.localdb|Any CPU.ActiveCfg = Debug|Any CPU
		{3C04E4E9-CBBF-4E05-A937-09B52C921847}.localdb|Any CPU.Build.0 = Debug|Any CPU
		{3C04E4E9-CBBF-4E05-A937-09B52C921847}.localhost|Any CPU.ActiveCfg = Debug|Any CPU
		{3C04E4E9-CBBF-4E05-A937-09B52C921847}.localhost|Any CPU.Build.0 = Debug|Any CPU
		{3C04E4E9-CBBF-4E05-A937-09B52C921847}.NCUA|Any CPU.ActiveCfg = Release|Any CPU
		{3C04E4E9-CBBF-4E05-A937-09B52C921847}.NCUA|Any CPU.Build.0 = Release|Any CPU
		{3C04E4E9-CBBF-4E05-A937-09B52C921847}.Release|Any CPU.ActiveCfg = Release|Any CPU
		{3C04E4E9-CBBF-4E05-A937-09B52C921847}.Release|Any CPU.Build.0 = Release|Any CPU
		{5B596EEE-D8B8-438E-9C87-2AA73B158AA3}.Debug|Any CPU.ActiveCfg = Debug|Any CPU
		{5B596EEE-D8B8-438E-9C87-2AA73B158AA3}.Debug|Any CPU.Build.0 = Debug|Any CPU
		{5B596EEE-D8B8-438E-9C87-2AA73B158AA3}.localdb|Any CPU.ActiveCfg = Debug|Any CPU
		{5B596EEE-D8B8-438E-9C87-2AA73B158AA3}.localdb|Any CPU.Build.0 = Debug|Any CPU
		{5B596EEE-D8B8-438E-9C87-2AA73B158AA3}.localhost|Any CPU.ActiveCfg = Debug|Any CPU
		{5B596EEE-D8B8-438E-9C87-2AA73B158AA3}.localhost|Any CPU.Build.0 = Debug|Any CPU
		{5B596EEE-D8B8-438E-9C87-2AA73B158AA3}.NCUA|Any CPU.ActiveCfg = Release|Any CPU
		{5B596EEE-D8B8-438E-9C87-2AA73B158AA3}.NCUA|Any CPU.Build.0 = Release|Any CPU
		{5B596EEE-D8B8-438E-9C87-2AA73B158AA3}.Release|Any CPU.ActiveCfg = Release|Any CPU
		{5B596EEE-D8B8-438E-9C87-2AA73B158AA3}.Release|Any CPU.Build.0 = Release|Any CPU
		{7D67B073-4E40-4079-BD75-BDC097E8DB39}.Debug|Any CPU.ActiveCfg = Debug|Any CPU
		{7D67B073-4E40-4079-BD75-BDC097E8DB39}.Debug|Any CPU.Build.0 = Debug|Any CPU
		{7D67B073-4E40-4079-BD75-BDC097E8DB39}.localdb|Any CPU.ActiveCfg = Debug|Any CPU
		{7D67B073-4E40-4079-BD75-BDC097E8DB39}.localdb|Any CPU.Build.0 = Debug|Any CPU
		{7D67B073-4E40-4079-BD75-BDC097E8DB39}.localhost|Any CPU.ActiveCfg = Debug|Any CPU
		{7D67B073-4E40-4079-BD75-BDC097E8DB39}.localhost|Any CPU.Build.0 = Debug|Any CPU
		{7D67B073-4E40-4079-BD75-BDC097E8DB39}.NCUA|Any CPU.ActiveCfg = Release|Any CPU
		{7D67B073-4E40-4079-BD75-BDC097E8DB39}.NCUA|Any CPU.Build.0 = Release|Any CPU
		{7D67B073-4E40-4079-BD75-BDC097E8DB39}.Release|Any CPU.ActiveCfg = Release|Any CPU
		{7D67B073-4E40-4079-BD75-BDC097E8DB39}.Release|Any CPU.Build.0 = Release|Any CPU
		{00FA2FD6-6603-4575-9CC7-DF13884A71A2}.Debug|Any CPU.ActiveCfg = Debug|Any CPU
		{00FA2FD6-6603-4575-9CC7-DF13884A71A2}.Debug|Any CPU.Build.0 = Debug|Any CPU
		{00FA2FD6-6603-4575-9CC7-DF13884A71A2}.localdb|Any CPU.ActiveCfg = Debug|Any CPU
		{00FA2FD6-6603-4575-9CC7-DF13884A71A2}.localdb|Any CPU.Build.0 = Debug|Any CPU
		{00FA2FD6-6603-4575-9CC7-DF13884A71A2}.localhost|Any CPU.ActiveCfg = Debug|Any CPU
		{00FA2FD6-6603-4575-9CC7-DF13884A71A2}.localhost|Any CPU.Build.0 = Debug|Any CPU
		{00FA2FD6-6603-4575-9CC7-DF13884A71A2}.NCUA|Any CPU.ActiveCfg = Release|Any CPU
		{00FA2FD6-6603-4575-9CC7-DF13884A71A2}.NCUA|Any CPU.Build.0 = Release|Any CPU
		{00FA2FD6-6603-4575-9CC7-DF13884A71A2}.Release|Any CPU.ActiveCfg = Release|Any CPU
		{00FA2FD6-6603-4575-9CC7-DF13884A71A2}.Release|Any CPU.Build.0 = Release|Any CPU
		{3B2CE4B5-2618-42A6-A275-D4704161D8DF}.Debug|Any CPU.ActiveCfg = Debug|Any CPU
		{3B2CE4B5-2618-42A6-A275-D4704161D8DF}.Debug|Any CPU.Build.0 = Debug|Any CPU
		{3B2CE4B5-2618-42A6-A275-D4704161D8DF}.localdb|Any CPU.ActiveCfg = Debug|Any CPU
		{3B2CE4B5-2618-42A6-A275-D4704161D8DF}.localdb|Any CPU.Build.0 = Debug|Any CPU
		{3B2CE4B5-2618-42A6-A275-D4704161D8DF}.localhost|Any CPU.ActiveCfg = Debug|Any CPU
		{3B2CE4B5-2618-42A6-A275-D4704161D8DF}.localhost|Any CPU.Build.0 = Debug|Any CPU
		{3B2CE4B5-2618-42A6-A275-D4704161D8DF}.NCUA|Any CPU.ActiveCfg = Release|Any CPU
		{3B2CE4B5-2618-42A6-A275-D4704161D8DF}.NCUA|Any CPU.Build.0 = Release|Any CPU
		{3B2CE4B5-2618-42A6-A275-D4704161D8DF}.Release|Any CPU.ActiveCfg = Release|Any CPU
		{3B2CE4B5-2618-42A6-A275-D4704161D8DF}.Release|Any CPU.Build.0 = Release|Any CPU
		{CA7543E7-5573-41D6-9E37-3F9FEE43F8E7}.Debug|Any CPU.ActiveCfg = Debug|Any CPU
		{CA7543E7-5573-41D6-9E37-3F9FEE43F8E7}.Debug|Any CPU.Build.0 = Debug|Any CPU
		{CA7543E7-5573-41D6-9E37-3F9FEE43F8E7}.localdb|Any CPU.ActiveCfg = Debug|Any CPU
		{CA7543E7-5573-41D6-9E37-3F9FEE43F8E7}.localdb|Any CPU.Build.0 = Debug|Any CPU
		{CA7543E7-5573-41D6-9E37-3F9FEE43F8E7}.localhost|Any CPU.ActiveCfg = Debug|Any CPU
		{CA7543E7-5573-41D6-9E37-3F9FEE43F8E7}.localhost|Any CPU.Build.0 = Debug|Any CPU
		{CA7543E7-5573-41D6-9E37-3F9FEE43F8E7}.NCUA|Any CPU.ActiveCfg = Release|Any CPU
		{CA7543E7-5573-41D6-9E37-3F9FEE43F8E7}.NCUA|Any CPU.Build.0 = Release|Any CPU
		{CA7543E7-5573-41D6-9E37-3F9FEE43F8E7}.Release|Any CPU.ActiveCfg = Release|Any CPU
		{CA7543E7-5573-41D6-9E37-3F9FEE43F8E7}.Release|Any CPU.Build.0 = Release|Any CPU
		{85A5D909-3D41-4DDA-8321-D6B7D1605605}.Debug|Any CPU.ActiveCfg = Debug|Any CPU
		{85A5D909-3D41-4DDA-8321-D6B7D1605605}.Debug|Any CPU.Build.0 = Debug|Any CPU
		{85A5D909-3D41-4DDA-8321-D6B7D1605605}.localdb|Any CPU.ActiveCfg = Debug|Any CPU
		{85A5D909-3D41-4DDA-8321-D6B7D1605605}.localdb|Any CPU.Build.0 = Debug|Any CPU
		{85A5D909-3D41-4DDA-8321-D6B7D1605605}.localhost|Any CPU.ActiveCfg = Debug|Any CPU
		{85A5D909-3D41-4DDA-8321-D6B7D1605605}.localhost|Any CPU.Build.0 = Debug|Any CPU
		{85A5D909-3D41-4DDA-8321-D6B7D1605605}.NCUA|Any CPU.ActiveCfg = Debug|Any CPU
		{85A5D909-3D41-4DDA-8321-D6B7D1605605}.NCUA|Any CPU.Build.0 = Debug|Any CPU
		{85A5D909-3D41-4DDA-8321-D6B7D1605605}.Release|Any CPU.ActiveCfg = Release|Any CPU
		{85A5D909-3D41-4DDA-8321-D6B7D1605605}.Release|Any CPU.Build.0 = Release|Any CPU
		{6F6398A2-2C5C-435C-8149-EB876BC1ABF7}.Debug|Any CPU.ActiveCfg = Debug|Any CPU
		{6F6398A2-2C5C-435C-8149-EB876BC1ABF7}.Debug|Any CPU.Build.0 = Debug|Any CPU
		{6F6398A2-2C5C-435C-8149-EB876BC1ABF7}.localdb|Any CPU.ActiveCfg = Debug|Any CPU
		{6F6398A2-2C5C-435C-8149-EB876BC1ABF7}.localdb|Any CPU.Build.0 = Debug|Any CPU
		{6F6398A2-2C5C-435C-8149-EB876BC1ABF7}.localhost|Any CPU.ActiveCfg = Debug|Any CPU
		{6F6398A2-2C5C-435C-8149-EB876BC1ABF7}.localhost|Any CPU.Build.0 = Debug|Any CPU
		{6F6398A2-2C5C-435C-8149-EB876BC1ABF7}.NCUA|Any CPU.ActiveCfg = Debug|Any CPU
		{6F6398A2-2C5C-435C-8149-EB876BC1ABF7}.NCUA|Any CPU.Build.0 = Debug|Any CPU
		{6F6398A2-2C5C-435C-8149-EB876BC1ABF7}.Release|Any CPU.ActiveCfg = Release|Any CPU
		{6F6398A2-2C5C-435C-8149-EB876BC1ABF7}.Release|Any CPU.Build.0 = Release|Any CPU
		{EA32CF88-A553-4656-855D-9ECEA8191353}.Debug|Any CPU.ActiveCfg = Debug|Any CPU
		{EA32CF88-A553-4656-855D-9ECEA8191353}.Debug|Any CPU.Build.0 = Debug|Any CPU
		{EA32CF88-A553-4656-855D-9ECEA8191353}.localdb|Any CPU.ActiveCfg = Debug|Any CPU
		{EA32CF88-A553-4656-855D-9ECEA8191353}.localdb|Any CPU.Build.0 = Debug|Any CPU
		{EA32CF88-A553-4656-855D-9ECEA8191353}.localhost|Any CPU.ActiveCfg = Debug|Any CPU
		{EA32CF88-A553-4656-855D-9ECEA8191353}.localhost|Any CPU.Build.0 = Debug|Any CPU
		{EA32CF88-A553-4656-855D-9ECEA8191353}.NCUA|Any CPU.ActiveCfg = Debug|Any CPU
		{EA32CF88-A553-4656-855D-9ECEA8191353}.NCUA|Any CPU.Build.0 = Debug|Any CPU
		{EA32CF88-A553-4656-855D-9ECEA8191353}.Release|Any CPU.ActiveCfg = Release|Any CPU
		{EA32CF88-A553-4656-855D-9ECEA8191353}.Release|Any CPU.Build.0 = Release|Any CPU
		{EDCA7204-4F64-40F0-ACD8-DA18F7465106}.Debug|Any CPU.ActiveCfg = Debug|Any CPU
		{EDCA7204-4F64-40F0-ACD8-DA18F7465106}.Debug|Any CPU.Build.0 = Debug|Any CPU
		{EDCA7204-4F64-40F0-ACD8-DA18F7465106}.localdb|Any CPU.ActiveCfg = Debug|Any CPU
		{EDCA7204-4F64-40F0-ACD8-DA18F7465106}.localdb|Any CPU.Build.0 = Debug|Any CPU
		{EDCA7204-4F64-40F0-ACD8-DA18F7465106}.localhost|Any CPU.ActiveCfg = Debug|Any CPU
		{EDCA7204-4F64-40F0-ACD8-DA18F7465106}.localhost|Any CPU.Build.0 = Debug|Any CPU
		{EDCA7204-4F64-40F0-ACD8-DA18F7465106}.NCUA|Any CPU.ActiveCfg = Debug|Any CPU
		{EDCA7204-4F64-40F0-ACD8-DA18F7465106}.NCUA|Any CPU.Build.0 = Debug|Any CPU
		{EDCA7204-4F64-40F0-ACD8-DA18F7465106}.Release|Any CPU.ActiveCfg = Release|Any CPU
		{EDCA7204-4F64-40F0-ACD8-DA18F7465106}.Release|Any CPU.Build.0 = Release|Any CPU
		{A571FDFE-6EC8-44F3-B342-16510344F2D0}.Debug|Any CPU.ActiveCfg = Debug|Any CPU
		{A571FDFE-6EC8-44F3-B342-16510344F2D0}.Debug|Any CPU.Build.0 = Debug|Any CPU
		{A571FDFE-6EC8-44F3-B342-16510344F2D0}.localdb|Any CPU.ActiveCfg = Debug|Any CPU
		{A571FDFE-6EC8-44F3-B342-16510344F2D0}.localdb|Any CPU.Build.0 = Debug|Any CPU
		{A571FDFE-6EC8-44F3-B342-16510344F2D0}.localhost|Any CPU.ActiveCfg = Debug|Any CPU
		{A571FDFE-6EC8-44F3-B342-16510344F2D0}.localhost|Any CPU.Build.0 = Debug|Any CPU
		{A571FDFE-6EC8-44F3-B342-16510344F2D0}.NCUA|Any CPU.ActiveCfg = Debug|Any CPU
		{A571FDFE-6EC8-44F3-B342-16510344F2D0}.NCUA|Any CPU.Build.0 = Debug|Any CPU
		{A571FDFE-6EC8-44F3-B342-16510344F2D0}.Release|Any CPU.ActiveCfg = Release|Any CPU
		{A571FDFE-6EC8-44F3-B342-16510344F2D0}.Release|Any CPU.Build.0 = Release|Any CPU
		{4D47B51B-C626-418F-991E-05A77A65F1AF}.Debug|Any CPU.ActiveCfg = Debug|Any CPU
		{4D47B51B-C626-418F-991E-05A77A65F1AF}.Debug|Any CPU.Build.0 = Debug|Any CPU
		{4D47B51B-C626-418F-991E-05A77A65F1AF}.localdb|Any CPU.ActiveCfg = Debug|Any CPU
		{4D47B51B-C626-418F-991E-05A77A65F1AF}.localdb|Any CPU.Build.0 = Debug|Any CPU
		{4D47B51B-C626-418F-991E-05A77A65F1AF}.localhost|Any CPU.ActiveCfg = Debug|Any CPU
		{4D47B51B-C626-418F-991E-05A77A65F1AF}.localhost|Any CPU.Build.0 = Debug|Any CPU
		{4D47B51B-C626-418F-991E-05A77A65F1AF}.NCUA|Any CPU.ActiveCfg = Debug|Any CPU
		{4D47B51B-C626-418F-991E-05A77A65F1AF}.NCUA|Any CPU.Build.0 = Debug|Any CPU
		{4D47B51B-C626-418F-991E-05A77A65F1AF}.Release|Any CPU.ActiveCfg = Release|Any CPU
		{4D47B51B-C626-418F-991E-05A77A65F1AF}.Release|Any CPU.Build.0 = Release|Any CPU
	EndGlobalSection
	GlobalSection(SolutionProperties) = preSolution
		HideSolutionNode = FALSE
	EndGlobalSection
	GlobalSection(ExtensibilityGlobals) = postSolution
		SolutionGuid = {49CE5803-A690-4E54-A95A-B591B86B91FC}
	EndGlobalSection
	GlobalSection(Performance) = preSolution
		HasPerformanceSessions = true
	EndGlobalSection
EndGlobal
