
Microsoft Visual Studio Solution File, Format Version 12.00
# Visual Studio Version 17
VisualStudioVersion = 17.10.35004.147
MinimumVisualStudioVersion = 10.0.40219.1
Project("{FAE04EC0-301F-11D3-BF4B-00C04F79EFBC}") = "CSETAddUser", "CSETAddUser.csproj", "{FBB1472F-AEC7-40BB-915A-8FD0D3F41D92}"
EndProject
Global
	GlobalSection(SolutionConfigurationPlatforms) = preSolution
		Debug|Any CPU = Debug|Any CPU
		Release|Any CPU = Release|Any CPU
	EndGlobalSection
	GlobalSection(ProjectConfigurationPlatforms) = postSolution
		{FBB1472F-AEC7-40BB-915A-8FD0D3F41D92}.Debug|Any CPU.ActiveCfg = Debug|Any CPU
		{FBB1472F-AEC7-40BB-915A-8FD0D3F41D92}.Debug|Any CPU.Build.0 = Debug|Any CPU
		{FBB1472F-AEC7-40BB-915A-8FD0D3F41D92}.Release|Any CPU.ActiveCfg = Release|Any CPU
		{FBB1472F-AEC7-40BB-915A-8FD0D3F41D92}.Release|Any CPU.Build.0 = Release|Any CPU
	EndGlobalSection
	GlobalSection(SolutionProperties) = preSolution
		HideSolutionNode = FALSE
	EndGlobalSection
	GlobalSection(ExtensibilityGlobals) = postSolution
		SolutionGuid = {499574E9-B287-459D-A225-3EB1B0F19CCA}
	EndGlobalSection
EndGlobal
