{
  "version": 1,
  "dependencies": {
    "net10.0": {
      "Microsoft.Data.SqlClient": {
        "type": "Direct",
        "requested": "[6.1.4, )",
        "resolved": "6.1.4",
        "contentHash": "lQcSog5LLImg4yNEuuG6ccvdzXnCvER8Rms9Ngk9zB4Q8na4f+S7/abSoC7gnEltBg4e5xTnLAWmMLIOtLg4pg==",
        "dependencies": {
          "Azure.Core": "1.50.0",
          "Azure.Identity": "1.17.1",
          "Microsoft.Data.SqlClient.SNI.runtime": "6.0.2",
          "Microsoft.Extensions.Caching.Memory": "9.0.11",
          "Microsoft.Identity.Client": "4.80.0",
          "Microsoft.IdentityModel.JsonWebTokens": "7.7.1",
          "Microsoft.IdentityModel.Protocols.OpenIdConnect": "7.7.1",
          "Microsoft.SqlServer.Server": "1.0.0",
          "System.Configuration.ConfigurationManager": "9.0.11",
          "System.IdentityModel.Tokens.Jwt": "7.7.1",
          "System.Security.Cryptography.Pkcs": "9.0.11"
        }
      },
      "Microsoft.EntityFrameworkCore": {
        "type": "Direct",
        "requested": "[10.0.3, )",
        "resolved": "10.0.3",
        "contentHash": "CDEImwD4A7BseABJMCpLZnhfFjmPY/bHwhhS70elc6gLI/bYUEOhxWt7PmaNGYGhIEzOnStlCy5QcVb+8dod5Q==",
        "dependencies": {
          "Microsoft.EntityFrameworkCore.Abstractions": "10.0.3",
          "Microsoft.EntityFrameworkCore.Analyzers": "10.0.3",
          "Microsoft.Extensions.Caching.Memory": "10.0.3",
          "Microsoft.Extensions.Logging": "10.0.3"
        }
      },
      "Microsoft.EntityFrameworkCore.SqlServer": {
        "type": "Direct",
        "requested": "[10.0.3, )",
        "resolved": "10.0.3",
        "contentHash": "q0fUFQ4PG4uhKwP+D5dsvlDQbwNpEfWsag3HaoGzkkKj+OQ90ya9W0HuFtwigwEEqc/H1SzDZYUAv7Ya1hh5ow==",
        "dependencies": {
          "Microsoft.Data.SqlClient": "6.1.1",
          "Microsoft.EntityFrameworkCore.Relational": "10.0.3",
          "Microsoft.Extensions.Caching.Memory": "10.0.3",
          "Microsoft.Extensions.Configuration.Abstractions": "10.0.3",
          "Microsoft.Extensions.Logging": "10.0.3"
        }
      },
      "Microsoft.EntityFrameworkCore.SqlServer.Abstractions": {
        "type": "Direct",
        "requested": "[10.0.3, )",
        "resolved": "10.0.3",
        "contentHash": "K73jOafOjF8oMLrPhXz3er6csmXCOGBQbeXsFPXrtz7/4QJJYalcOHQzoppEhl1gwLEZNnJMUDlOWcQ1FeW27Q==",
        "dependencies": {
          "Microsoft.SqlServer.Types": "160.1000.6"
        }
      },
      "NJsonSchema": {
        "type": "Direct",
        "requested": "[11.5.2, )",
        "resolved": "11.5.2",
        "contentHash": "CAmnt4tnylb82Ro6f2EFIGz8rmThuCsITECUNqGhVEQ5VvxV+XwsTPz6LF58MbvUEV1jVcH+uxxljgM/etgK7A==",
        "dependencies": {
          "NJsonSchema.Annotations": "11.5.2",
          "Namotion.Reflection": "3.4.3",
          "Newtonsoft.Json": "13.0.3"
        }
      },
      "SixLabors.ImageSharp": {
        "type": "Direct",
        "requested": "[3.1.12, )",
        "resolved": "3.1.12",
        "contentHash": "iAg6zifihXEFS/t7fiHhZBGAdCp3FavsF4i2ZIDp0JfeYeDVzvmlbY1CNhhIKimaIzrzSi5M/NBFcWvZT2rB/A=="
      },
      "System.IdentityModel.Tokens.Jwt": {
        "type": "Direct",
        "requested": "[8.16.0, )",
        "resolved": "8.16.0",
        "contentHash": "rrs2u7DRMXQG2yh0oVyF/vLwosfRv20Ld2iEpYcKwQWXHjfV+gFXNQsQ9p008kR9Ou4pxBs68Q6/9zC8Gi1wjg==",
        "dependencies": {
          "Microsoft.IdentityModel.JsonWebTokens": "8.16.0",
          "Microsoft.IdentityModel.Tokens": "8.16.0"
        }
      },
      "Azure.Core": {
        "type": "Transitive",
        "resolved": "1.50.0",
        "contentHash": "GBNKZEhdIbTXxedvD3R7I/yDVFX9jJJEz02kCziFSJxspSQ5RMHc3GktulJ1s7+ffXaXD7kMgrtdQTaggyInLw==",
        "dependencies": {
          "Microsoft.Bcl.AsyncInterfaces": "8.0.0",
          "System.ClientModel": "1.8.0",
          "System.Memory.Data": "8.0.1"
        }
      },
      "Azure.Identity": {
        "type": "Transitive",
        "resolved": "1.17.1",
        "contentHash": "MSZkBrctcpiGxs9Cvr2VKKoN6qFLZlP3I6xuCWJ9iTgitI5Rgxtk5gfOSpXPZE3+CJmZ/mnqpQyGyjawFn5Vvg==",
        "dependencies": {
          "Azure.Core": "1.50.0",
          "Microsoft.Identity.Client": "4.78.0",
          "Microsoft.Identity.Client.Extensions.Msal": "4.78.0"
        }
      },
      "Microsoft.Bcl.AsyncInterfaces": {
        "type": "Transitive",
        "resolved": "8.0.0",
        "contentHash": "3WA9q9yVqJp222P3x1wYIGDAkpjAku0TMUaaQV22g6L67AI0LdOIrVS7Ht2vJfLHGSPVuqN94vIr15qn+HEkHw=="
      },
      "Microsoft.Data.SqlClient.SNI.runtime": {
        "type": "Transitive",
        "resolved": "6.0.2",
        "contentHash": "f+pRODTWX7Y67jXO3T5S2dIPZ9qMJNySjlZT/TKmWVNWe19N8jcWmHaqHnnchaq3gxEKv1SWVY5EFzOD06l41w=="
      },
      "Microsoft.EntityFrameworkCore.Abstractions": {
        "type": "Transitive",
        "resolved": "10.0.3",
        "contentHash": "c7Uoz381xnMHNBRB8eHRhGgzUtXbgddlbODhwZRrTSzZWDharp3RkJsFwhxyESbeXhCqmML7VdvjMQ7uu+HreA=="
      },
      "Microsoft.EntityFrameworkCore.Analyzers": {
        "type": "Transitive",
        "resolved": "10.0.3",
        "contentHash": "lVABgJTyTUNE7Bi0bSu4dWHiCHIXEGzTh/kLh0N07IgU/tIKwTeBPp8tgV4x2iKj4h7iPLo8oXzyHmLDGtAE1g=="
      },
      "Microsoft.EntityFrameworkCore.Relational": {
        "type": "Transitive",
        "resolved": "10.0.3",
        "contentHash": "Pmh60OK9neVr/M0FJwm9hlzm2bD4Kd65SID8E6SP5c90tExNgXwORrlEWl0oGU/ig9ifpNN4PSpIrnHNozlT5w==",
        "dependencies": {
          "Microsoft.EntityFrameworkCore": "10.0.3",
          "Microsoft.Extensions.Caching.Memory": "10.0.3",
          "Microsoft.Extensions.Configuration.Abstractions": "10.0.3",
          "Microsoft.Extensions.Logging": "10.0.3"
        }
      },
      "Microsoft.Extensions.Caching.Abstractions": {
        "type": "Transitive",
        "resolved": "10.0.3",
        "contentHash": "5dtXBvI8t3z8pF4tB38JYgi/enCL/DwSXxpqShgFz3SHJ7IzqFIMs6Gu5ik8sNZzcO9qQs3xIDpB3vDamkYG+Q==",
        "dependencies": {
          "Microsoft.Extensions.Primitives": "10.0.3"
        }
      },
      "Microsoft.Extensions.Caching.Memory": {
        "type": "Transitive",
        "resolved": "10.0.3",
        "contentHash": "No4fVh0z30SWqiWFRoA4PNdrEco6OjXvCqRFvlmRgDQqqks2bRDdeavUgWEiAX153ZAwW9loUgbxcvuP4NKQLg==",
        "dependencies": {
          "Microsoft.Extensions.Caching.Abstractions": "10.0.3",
          "Microsoft.Extensions.DependencyInjection.Abstractions": "10.0.3",
          "Microsoft.Extensions.Logging.Abstractions": "10.0.3",
          "Microsoft.Extensions.Options": "10.0.3",
          "Microsoft.Extensions.Primitives": "10.0.3"
        }
      },
      "Microsoft.Extensions.Configuration": {
        "type": "Transitive",
        "resolved": "10.0.3",
        "contentHash": "H1Cjv2xmm7O3iAGmFTcnSM0ZhLQ/7SqefmAvSJoT1PbXoxeYc2fo0mCLn2JlVbr9E6YpoU9q/o0fI9neDJB0xQ==",
        "dependencies": {
          "Microsoft.Extensions.Configuration.Abstractions": "10.0.3",
          "Microsoft.Extensions.Primitives": "10.0.3"
        }
      },
      "Microsoft.Extensions.Configuration.Abstractions": {
        "type": "Transitive",
        "resolved": "10.0.3",
        "contentHash": "xVDHL0+SIgemfh95fTO9cGLe17TWv/ZP0n7m01z8X6pzt2DmQpucioWR/mYZA1sRlkWnkXzfl0JweLNWmE9WMg==",
        "dependencies": {
          "Microsoft.Extensions.Primitives": "10.0.3"
        }
      },
      "Microsoft.Extensions.Configuration.FileExtensions": {
        "type": "Transitive",
        "resolved": "10.0.3",
        "contentHash": "/MLsBbLpwDxsU+7DDNwasf2mKrpMSOWEL377gNZTy5waFkCYvS3GVaLIz6bvikH4rAwHrCOxHw0t/5iCoImYCA==",
        "dependencies": {
          "Microsoft.Extensions.Configuration": "10.0.3",
          "Microsoft.Extensions.Configuration.Abstractions": "10.0.3",
          "Microsoft.Extensions.FileProviders.Abstractions": "10.0.3",
          "Microsoft.Extensions.FileProviders.Physical": "10.0.3",
          "Microsoft.Extensions.Primitives": "10.0.3"
        }
      },
      "Microsoft.Extensions.Configuration.Json": {
        "type": "Transitive",
        "resolved": "10.0.3",
        "contentHash": "mGGMOA9nkET8OVsQfS41o66eWkckBzNHJK6+5VbLQ2YdyqKphcv27uDZxLf4exSl+5QxLnHkN+W/4qEDgyvCPA==",
        "dependencies": {
          "Microsoft.Extensions.Configuration": "10.0.3",
          "Microsoft.Extensions.Configuration.Abstractions": "10.0.3",
          "Microsoft.Extensions.Configuration.FileExtensions": "10.0.3",
          "Microsoft.Extensions.FileProviders.Abstractions": "10.0.3"
        }
      },
      "Microsoft.Extensions.DependencyInjection": {
        "type": "Transitive",
        "resolved": "10.0.3",
        "contentHash": "2DLOmC0EkB2smVK8lPP1PIKEgL1arE3CMp9XSIQB/Y7ev5nnnyuM/PizKJ6QfLD08QCYoopSC9SFdbYglDomYg==",
        "dependencies": {
          "Microsoft.Extensions.DependencyInjection.Abstractions": "10.0.3"
        }
      },
      "Microsoft.Extensions.DependencyInjection.Abstractions": {
        "type": "Transitive",
        "resolved": "10.0.3",
        "contentHash": "bwGMrRcAMWx2s/RDgja97p27rxSz2pEQW0+rX5cWAUWVETVJ/eyxGfjAl8vuG5a+lckWmPIE+vcuaZNVB5YDdw=="
      },
      "Microsoft.Extensions.FileProviders.Abstractions": {
        "type": "Transitive",
        "resolved": "10.0.3",
        "contentHash": "4TD9AXDRsipTmaemwnjt/DM5Ri0de2JzHQhvZ4woBTjUtL4XrPNsMrOk5oiLJAx1gTrE6pOIhxv+lEde5F6CZA==",
        "dependencies": {
          "Microsoft.Extensions.Primitives": "10.0.3"
        }
      },
      "Microsoft.Extensions.FileProviders.Physical": {
        "type": "Transitive",
        "resolved": "10.0.3",
        "contentHash": "8qLl5LXtcj6Z8yPbHAA/a57fvvl9nUCdi59AJFuixcWM4wSuENZ8jjoRATOKs/I4vOi/bDe0d5LqGSSLE634eA==",
        "dependencies": {
          "Microsoft.Extensions.FileProviders.Abstractions": "10.0.3",
          "Microsoft.Extensions.FileSystemGlobbing": "10.0.3",
          "Microsoft.Extensions.Primitives": "10.0.3"
        }
      },
      "Microsoft.Extensions.FileSystemGlobbing": {
        "type": "Transitive",
        "resolved": "10.0.3",
        "contentHash": "oM7pl8uJz8WRPRlh4AGQS61aeV9GOfTu89yqTiRSYyyMuCNVkbNra9zEk7ApyJ/sZrUpbjOZCRHuitCEsTWghg=="
      },
      "Microsoft.Extensions.Logging": {
        "type": "Transitive",
        "resolved": "10.0.3",
        "contentHash": "8D9Er1cGXNjNDIB+VLBNHn386L5ls2FoiG9a6o12gyn+GG3w6jdfUhzT8dtBnKcevE7/fsVA8MS3FBgFfClFtQ==",
        "dependencies": {
          "Microsoft.Extensions.DependencyInjection": "10.0.3",
          "Microsoft.Extensions.Logging.Abstractions": "10.0.3",
          "Microsoft.Extensions.Options": "10.0.3"
        }
      },
      "Microsoft.Extensions.Logging.Abstractions": {
        "type": "Transitive",
        "resolved": "10.0.3",
        "contentHash": "lxl0WLk7ROgBFAsjcOYjQ8/DVK+VMszxGBzUhgtQmAsTNldLL5pk9NG/cWTsXHq0lUhUEAtZkEE7jOGOA8bGKQ==",
        "dependencies": {
          "Microsoft.Extensions.DependencyInjection.Abstractions": "10.0.3"
        }
      },
      "Microsoft.Extensions.Options": {
        "type": "Transitive",
        "resolved": "10.0.3",
        "contentHash": "hU6WzGTPvPoLA2ng1ILvWQb3g0qORdlHNsxI8IcPLumJb3suimYUl+bbDzdo1V4KFsvVhnMWzysHpKbZaoDQPQ==",
        "dependencies": {
          "Microsoft.Extensions.DependencyInjection.Abstractions": "10.0.3",
          "Microsoft.Extensions.Primitives": "10.0.3"
        }
      },
      "Microsoft.Extensions.Primitives": {
        "type": "Transitive",
        "resolved": "10.0.3",
        "contentHash": "GEcpTwo7sUoLGGNTqV1FZEuL+tTD9m81NX/mh099dqGNna07/UGZShKQNZRw4hv6nlliSUwYQgSYc7OR99Jufg=="
      },
      "Microsoft.Identity.Client": {
        "type": "Transitive",
        "resolved": "4.80.0",
        "contentHash": "nmg+q17mKdNafWvaX7Of5Xh8sxc4acsD6xOOczp7kgjAzR7bpseYGZzg38XPoS/vW7k92sGKCWgHSogB0K62KQ==",
        "dependencies": {
          "Microsoft.IdentityModel.Abstractions": "8.14.0"
        }
      },
      "Microsoft.Identity.Client.Extensions.Msal": {
        "type": "Transitive",
        "resolved": "4.78.0",
        "contentHash": "DYU9o+DrDQuyZxeq91GBA9eNqBvA3ZMkLzQpF7L9dTk6FcIBM1y1IHXWqiKXTvptPF7CZE59upbyUoa+FJ5eiA==",
        "dependencies": {
          "Microsoft.Identity.Client": "4.78.0",
          "System.Security.Cryptography.ProtectedData": "4.5.0"
        }
      },
      "Microsoft.IdentityModel.Abstractions": {
        "type": "Transitive",
        "resolved": "8.16.0",
        "contentHash": "gSxKLWRZzBpIsEoeUPkxfywNCCvRvl7hkq146XHPk5vOQc9izSf1I+uL1vh4y2U19QPxd9Z8K/8AdWyxYz2lSg=="
      },
      "Microsoft.IdentityModel.JsonWebTokens": {
        "type": "Transitive",
        "resolved": "8.16.0",
        "contentHash": "prBU72cIP4V8E9fhN+o/YdskTsLeIcnKPbhZf0X6mD7fdxoZqnS/NdEkSr+9Zp+2q7OZBOMfNBKGbTbhXODO4w==",
        "dependencies": {
          "Microsoft.IdentityModel.Tokens": "8.16.0"
        }
      },
      "Microsoft.IdentityModel.Logging": {
        "type": "Transitive",
        "resolved": "8.16.0",
        "contentHash": "MTzXmETkNQPACR7/XCXM1OGM6oU9RkyibqeJRtO9Ndew2LnGjMf9Atqj2VSf4XC27X0FQycUAlzxxEgQMWn2xQ==",
        "dependencies": {
          "Microsoft.IdentityModel.Abstractions": "8.16.0"
        }
      },
      "Microsoft.IdentityModel.Protocols": {
        "type": "Transitive",
        "resolved": "7.7.1",
        "contentHash": "h+fHHBGokepmCX+QZXJk4Ij8OApCb2n2ktoDkNX5CXteXsOxTHMNgjPGpAwdJMFvAL7TtGarUnk3o97NmBq2QQ==",
        "dependencies": {
          "Microsoft.IdentityModel.Tokens": "7.7.1"
        }
      },
      "Microsoft.IdentityModel.Protocols.OpenIdConnect": {
        "type": "Transitive",
        "resolved": "7.7.1",
        "contentHash": "yT2Hdj8LpPbcT9C9KlLVxXl09C8zjFaVSaApdOwuecMuoV4s6Sof/mnTDz/+F/lILPIBvrWugR9CC7iRVZgbfQ==",
        "dependencies": {
          "Microsoft.IdentityModel.Protocols": "7.7.1",
          "System.IdentityModel.Tokens.Jwt": "7.7.1"
        }
      },
      "Microsoft.IdentityModel.Tokens": {
        "type": "Transitive",
        "resolved": "8.16.0",
        "contentHash": "rtViGJcGsN7WcfUNErwNeQgjuU5cJNl6FDQsfi9TncwO+Epzn0FTfBsg3YuFW1Q0Ch/KPxaVdjLw3/+5Z5ceFQ==",
        "dependencies": {
          "Microsoft.Extensions.Logging.Abstractions": "10.0.0",
          "Microsoft.IdentityModel.Logging": "8.16.0"
        }
      },
      "Microsoft.SqlServer.Server": {
        "type": "Transitive",
        "resolved": "1.0.0",
        "contentHash": "N4KeF3cpcm1PUHym1RmakkzfkEv3GRMyofVv40uXsQhCQeglr2OHNcUk2WOG51AKpGO8ynGpo9M/kFXSzghwug=="
      },
      "Microsoft.SqlServer.Types": {
        "type": "Transitive",
        "resolved": "160.1000.6",
        "contentHash": "4kk+rz5vnIPr9ENzm8KttUbhBKftv0uHSSFDVjc5OuKPtRP5q0lDbYUy5ZsoYCAG3RrZdJoxPnWN2JNozZAiGA==",
        "dependencies": {
          "Microsoft.SqlServer.Server": "1.0.0"
        }
      },
      "Namotion.Reflection": {
        "type": "Transitive",
        "resolved": "3.4.3",
        "contentHash": "KLk2gLR9f8scM82EiL+p9TONXXPy9+IAZVMzJOA/Wsa7soZD7UJGG6j0fq0D9ZoVnBRRnSeEC7kShhRo3Olgaw=="
      },
      "Newtonsoft.Json": {
        "type": "Transitive",
        "resolved": "13.0.3",
        "contentHash": "HrC5BXdl00IP9zeV+0Z848QWPAoCr9P3bDEZguI+gkLcBKAOxix/tLEAAHC+UvDNPv4a2d18lOReHMOagPa+zQ=="
      },
      "NJsonSchema.Annotations": {
        "type": "Transitive",
        "resolved": "11.5.2",
        "contentHash": "OfYQgNzJZb1r/gR5vza0DbBLxnmcITDhA5CXFuX1qxuP3rRdQMjbIz5VyDVHCU1QxyrfAymzajbh7iszEvyFGQ=="
      },
      "Snickler.EFCore": {
        "type": "Transitive",
        "resolved": "3.0.0",
        "contentHash": "DovydBI8ojnRFBfGXepme9P3laK8HMacbn5vmdVsN6t/oZL66bPheUAOcsxJdqctdcMu3M2h7baAhZETOxK6Dg==",
        "dependencies": {
          "Microsoft.EntityFrameworkCore.SqlServer": "6.0.0"
        }
      },
      "System.ClientModel": {
        "type": "Transitive",
        "resolved": "1.8.0",
        "contentHash": "AqRzhn0v29GGGLj/Z6gKq4lGNtvPHT4nHdG5PDJh9IfVjv/nYUVmX11hwwws1vDFeIAzrvmn0dPu8IjLtu6fAw==",
        "dependencies": {
          "Microsoft.Extensions.Logging.Abstractions": "8.0.3",
          "System.Memory.Data": "8.0.1"
        }
      },
      "System.Configuration.ConfigurationManager": {
        "type": "Transitive",
        "resolved": "9.0.11",
        "contentHash": "vPinosRgEk1CGjohbv0pDuz6gPprkWo5xvBTjOJjks5JOgOEWvPndq5NngGxiTcBcy1+k9GwzZ1c3Bp2fU5ezw==",
        "dependencies": {
          "System.Diagnostics.EventLog": "9.0.11",
          "System.Security.Cryptography.ProtectedData": "9.0.11"
        }
      },
      "System.Diagnostics.EventLog": {
        "type": "Transitive",
        "resolved": "9.0.11",
        "contentHash": "2Us/NchH6SM69NYWzf8NRyeftdv3ILso8LMiMdAjT7ECTiZKzddiXWhAyQj6ZzbddoAOHS9GdlPbAAkwCPID3Q=="
      },
      "System.Memory.Data": {
        "type": "Transitive",
        "resolved": "8.0.1",
        "contentHash": "BVYuec3jV23EMRDeR7Dr1/qhx7369dZzJ9IWy2xylvb4YfXsrUxspWc4UWYid/tj4zZK58uGZqn2WQiaDMhmAg=="
      },
      "System.Security.Cryptography.Pkcs": {
        "type": "Transitive",
        "resolved": "9.0.11",
        "contentHash": "YS2YqtN6fFjlTDIQI+ucjbbrEvwMn796r+VLTQRr/5Oy6g+i+m7nIou83KnJCnAcKna2I+5eVJRks6SoHSpetQ=="
      },
      "System.Security.Cryptography.ProtectedData": {
        "type": "Transitive",
        "resolved": "9.0.11",
        "contentHash": "s8yUYuYYu+PAwvBdhLG1KyrGrk9gkYeuPxfAsXsTqqWyepwSyEw8hAaflW4nO98NG52YpYI1am2+9o+79h2RtQ=="
      },
      "csetwebcore.constants": {
        "type": "Project",
        "dependencies": {
          "SixLabors.ImageSharp": "[3.1.12, )"
        }
      },
      "csetwebcore.datalayer": {
        "type": "Project",
        "dependencies": {
          "Microsoft.Data.SqlClient": "[6.1.4, )",
          "Microsoft.EntityFrameworkCore": "[10.0.3, )",
          "Microsoft.EntityFrameworkCore.SqlServer": "[10.0.3, )",
          "Microsoft.EntityFrameworkCore.SqlServer.Abstractions": "[10.0.3, )",
          "Microsoft.Extensions.Configuration": "[10.0.3, )",
          "Microsoft.Extensions.Configuration.Json": "[10.0.3, )",
          "SixLabors.ImageSharp": "[3.1.12, )",
          "Snickler.EFCore": "[3.0.0, )",
          "System.Security.Cryptography.Pkcs": "[9.0.11, )"
        }
      },
      "csetwebcore.enum": {
        "type": "Project",
        "dependencies": {
          "CSETWebCore.Constants": "[1.0.0, )"
        }
      },
      "csetwebcore.model": {
        "type": "Project",
        "dependencies": {
          "CSETWebCore.DataLayer": "[1.0.0, )",
          "CSETWebCore.Enum": "[1.0.0, )",
          "Microsoft.Data.SqlClient": "[6.1.4, )",
          "Microsoft.EntityFrameworkCore": "[10.0.3, )",
          "Microsoft.EntityFrameworkCore.SqlServer": "[10.0.3, )",
          "Microsoft.EntityFrameworkCore.SqlServer.Abstractions": "[10.0.3, )",
          "NJsonSchema": "[11.5.2, )",
          "SixLabors.ImageSharp": "[3.1.12, )",
          "Snickler.EFCore": "[3.0.0, )",
          "System.IdentityModel.Tokens.Jwt": "[8.16.0, )"
        }
      }
    }
  }
}