
Microsoft Visual Studio Solution File, Format Version 12.00
# Visual Studio 15
VisualStudioVersion = 15.0.28010.2003
MinimumVisualStudioVersion = 10.0.40219.1
Project("{FAE04EC0-301F-11D3-BF4B-00C04F79EFBC}") = "CSETDiagram", "CSETDiagram\CSETDiagram.csproj", "{6637C131-2059-41DF-AFB4-23EFC67ED73D}"
EndProject
Global
	GlobalSection(SolutionConfigurationPlatforms) = preSolution
		Debug|Any CPU = Debug|Any CPU
		Release|Any CPU = Release|Any CPU
	EndGlobalSection
	GlobalSection(ProjectConfigurationPlatforms) = postSolution
		{6637C131-2059-41DF-AFB4-23EFC67ED73D}.Debug|Any CPU.ActiveCfg = Debug|Any CPU
		{6637C131-2059-41DF-AFB4-23EFC67ED73D}.Debug|Any CPU.Build.0 = Debug|Any CPU
		{6637C131-2059-41DF-AFB4-23EFC67ED73D}.Release|Any CPU.ActiveCfg = Release|Any CPU
		{6637C131-2059-41DF-AFB4-23EFC67ED73D}.Release|Any CPU.Build.0 = Release|Any CPU
	EndGlobalSection
	GlobalSection(SolutionProperties) = preSolution
		HideSolutionNode = FALSE
	EndGlobalSection
	GlobalSection(ExtensibilityGlobals) = postSolution
		SolutionGuid = {1C55C7FF-D619-4C8B-9FC3-8C5C704157C5}
	EndGlobalSection
EndGlobal
