
Microsoft Visual Studio Solution File, Format Version 12.00
# Visual Studio Version 16
VisualStudioVersion = 16.0.31005.135
MinimumVisualStudioVersion = 10.0.40219.1
Project("{FAE04EC0-301F-11D3-BF4B-00C04F79EFBC}") = "SearchIndex2", "SearchIndex2\SearchIndex2.csproj", "{134BC96C-2471-45A5-94A2-97AFDC1971D4}"
EndProject
Project("{9A19103F-16F7-4668-BE54-9A1E7A4F7556}") = "DBDictionary", "DBDictionary\DBDictionary.csproj", "{CBFFF67A-E2E8-447F-8FD1-EC202B5118A1}"
EndProject
Global
	GlobalSection(SolutionConfigurationPlatforms) = preSolution
		Debug|Any CPU = Debug|Any CPU
		Release|Any CPU = Release|Any CPU
	EndGlobalSection
	GlobalSection(ProjectConfigurationPlatforms) = postSolution
		{134BC96C-2471-45A5-94A2-97AFDC1971D4}.Debug|Any CPU.ActiveCfg = Debug|Any CPU
		{134BC96C-2471-45A5-94A2-97AFDC1971D4}.Debug|Any CPU.Build.0 = Debug|Any CPU
		{134BC96C-2471-45A5-94A2-97AFDC1971D4}.Release|Any CPU.ActiveCfg = Release|Any CPU
		{134BC96C-2471-45A5-94A2-97AFDC1971D4}.Release|Any CPU.Build.0 = Release|Any CPU
		{CBFFF67A-E2E8-447F-8FD1-EC202B5118A1}.Debug|Any CPU.ActiveCfg = Debug|Any CPU
		{CBFFF67A-E2E8-447F-8FD1-EC202B5118A1}.Debug|Any CPU.Build.0 = Debug|Any CPU
		{CBFFF67A-E2E8-447F-8FD1-EC202B5118A1}.Release|Any CPU.ActiveCfg = Release|Any CPU
		{CBFFF67A-E2E8-447F-8FD1-EC202B5118A1}.Release|Any CPU.Build.0 = Release|Any CPU
	EndGlobalSection
	GlobalSection(SolutionProperties) = preSolution
		HideSolutionNode = FALSE
	EndGlobalSection
	GlobalSection(ExtensibilityGlobals) = postSolution
		SolutionGuid = {67B8EFC1-6CF8-4082-8046-116BF9E92911}
	EndGlobalSection
EndGlobal
