
Microsoft Visual Studio Solution File, Format Version 12.00
# Visual Studio 15
VisualStudioVersion = 15.0.28307.852
MinimumVisualStudioVersion = 10.0.40219.1
Project("{9A19103F-16F7-4668-BE54-9A1E7A4F7556}") = "CSETWeb_Api.AssessmentIO.TestHarness", "CSETWeb_Api.Assessment.IO.TestHarness\CSETWeb_Api.AssessmentIO.TestHarness.csproj", "{E87B76FA-FA39-4E3B-9EE9-28CB48F8F904}"
EndProject
Global
	GlobalSection(SolutionConfigurationPlatforms) = preSolution
		Debug|Any CPU = Debug|Any CPU
		Release|Any CPU = Release|Any CPU
	EndGlobalSection
	GlobalSection(ProjectConfigurationPlatforms) = postSolution
		{E87B76FA-FA39-4E3B-9EE9-28CB48F8F904}.Debug|Any CPU.ActiveCfg = Debug|Any CPU
		{E87B76FA-FA39-4E3B-9EE9-28CB48F8F904}.Debug|Any CPU.Build.0 = Debug|Any CPU
		{E87B76FA-FA39-4E3B-9EE9-28CB48F8F904}.Release|Any CPU.ActiveCfg = Release|Any CPU
		{E87B76FA-FA39-4E3B-9EE9-28CB48F8F904}.Release|Any CPU.Build.0 = Release|Any CPU
	EndGlobalSection
	GlobalSection(SolutionProperties) = preSolution
		HideSolutionNode = FALSE
	EndGlobalSection
	GlobalSection(ExtensibilityGlobals) = postSolution
		SolutionGuid = {A4DF6E45-7250-4872-8320-40F34C886E61}
	EndGlobalSection
EndGlobal
